
Microsoft Visual Studio Solution File, Format Version 12.00
# Visual Studio Version 16
VisualStudioVersion = 16.0.28729.10
MinimumVisualStudioVersion = 10.0.40219.1
Project("{8BC9CEB8-8B4A-11D0-8D11-00A0C91BC942}") = "AlohaWorld", "Unit02\AlohaWorld\AlohaWorld.vcxproj", "{54ABB186-A189-40CD-B7F6-1079934B9272}"
EndProject
Project("{8BC9CEB8-8B4A-11D0-8D11-00A0C91BC942}") = "Temp", "Misc\Temp\Temp.vcxproj", "{ED16F1AD-8510-4E23-9205-E980A98C46B7}"
EndProject
Project("{2150E333-8FDC-42A3-9474-1A3956D46DE8}") = "Unit02", "Unit02", "{5D768617-5A96-431A-BFF5-2ED4FBE4B1A4}"
EndProject
Project("{2150E333-8FDC-42A3-9474-1A3956D46DE8}") = "Misc", "Misc", "{13B50CA7-ED80-453D-950E-81BC506B3A1B}"
EndProject
Project("{2150E333-8FDC-42A3-9474-1A3956D46DE8}") = "Unit03", "Unit03", "{EA6F1BB3-3891-4E43-A7F7-AF500FE9F1FE}"
EndProject
Project("{8BC9CEB8-8B4A-11D0-8D11-00A0C91BC942}") = "TestReferenceVariable", "Unit03\TestReferenceVariable\TestReferenceVariable.vcxproj", "{61D5EF28-53A3-42B0-BC58-341A51ED724F}"
EndProject
Project("{8BC9CEB8-8B4A-11D0-8D11-00A0C91BC942}") = "PassByValue", "Unit03\PassByValue\PassByValue.vcxproj", "{6183E57E-4C0B-4D48-9FC6-92EC900ECB90}"
EndProject
Project("{8BC9CEB8-8B4A-11D0-8D11-00A0C91BC942}") = "PassByPointer", "Unit03\PassByPointer\PassByPointer.vcxproj", "{2045DCB0-2187-4228-ABC5-CF773A507C92}"
EndProject
Project("{8BC9CEB8-8B4A-11D0-8D11-00A0C91BC942}") = "PassByReference", "Unit03\PassByReference\PassByReference.vcxproj", "{E8CDD868-FF91-4975-972E-874ECA32923F}"
EndProject
Project("{8BC9CEB8-8B4A-11D0-8D11-00A0C91BC942}") = "TestNewDelete", "Unit03\TestNewDelete\TestNewDelete.vcxproj", "{6424E8F7-A541-4E2C-BA9F-445E6B1821C0}"
EndProject
Project("{8BC9CEB8-8B4A-11D0-8D11-00A0C91BC942}") = "TestDataType", "Unit03\TestDataType\TestDataType.vcxproj", "{847B2E0E-6495-46B9-9E86-EE38CF8B1AA3}"
EndProject
Project("{8BC9CEB8-8B4A-11D0-8D11-00A0C91BC942}") = "TestAuto", "Unit03\TestAuto\TestAuto.vcxproj", "{0F91CC7E-70CF-4EF9-A075-4AAB44B4C4F4}"
EndProject
Project("{8BC9CEB8-8B4A-11D0-8D11-00A0C91BC942}") = "TestConstantPointer", "Unit03\TestConstantPointer\TestConstantPointer.vcxproj", "{898952C3-32DE-4B89-99B4-01409854DD5E}"
EndProject
Project("{8BC9CEB8-8B4A-11D0-8D11-00A0C91BC942}") = "TestSpecialFunctions", "Unit03\TestSpecialFunctions\TestSpecialFunctions.vcxproj", "{9C87C72B-0754-4848-9E1D-6048A4FC4490}"
EndProject
Project("{8BC9CEB8-8B4A-11D0-8D11-00A0C91BC942}") = "ScanfException", "Misc\ScanfException\ScanfException.vcxproj", "{C45FE22B-2B42-45DA-9D4A-7534977474DA}"
EndProject
Project("{8BC9CEB8-8B4A-11D0-8D11-00A0C91BC942}") = "PreprocessingDirectives", "Misc\PreprocessingDirectives\PreprocessingDirectives.vcxproj", "{1E4440EC-67D9-4769-AF35-1F7CA2807C0E}"
EndProject
Project("{2150E333-8FDC-42A3-9474-1A3956D46DE8}") = "Unit04", "Unit04", "{F1E56E67-0EBE-4B77-9710-37B1CF772542}"
EndProject
Project("{8BC9CEB8-8B4A-11D0-8D11-00A0C91BC942}") = "TestCircle", "Unit04\TestCircle\TestCircle.vcxproj", "{D682F1FC-1706-4958-8A43-FCD54EA4AAE8}"
EndProject
Project("{8BC9CEB8-8B4A-11D0-8D11-00A0C91BC942}") = "Circle", "Unit04\Circle\Circle.vcxproj", "{A804C484-8D07-40F2-B7AC-FD29F0648EA8}"
EndProject
Project("{2150E333-8FDC-42A3-9474-1A3956D46DE8}") = "Unit01", "Unit01", "{A2EB6BC3-360D-4925-82E7-2BDAED7BFB55}"
EndProject
Project("{8BC9CEB8-8B4A-11D0-8D11-00A0C91BC942}") = "CompilerVersion", "Unit01\CompilerVersion\CompilerVersion.vcxproj", "{EE6C916C-4657-45C6-A56C-0CEFF7E2F9A0}"
EndProject
Project("{8BC9CEB8-8B4A-11D0-8D11-00A0C91BC942}") = "Cpp11Demo01", "Unit01\Cpp11Demo01\Cpp11Demo01.vcxproj", "{D883C7F5-15DD-4A80-BE6C-A8FED5F16EED}"
EndProject
Project("{8BC9CEB8-8B4A-11D0-8D11-00A0C91BC942}") = "Gcc8MsgEnhancement", "Unit01\Gcc8MsgEnhancement\Gcc8MsgEnhancement.vcxproj", "{8BC8E4CB-A3E1-42AA-AC04-4CAA92B475AF}"
EndProject
Project("{8BC9CEB8-8B4A-11D0-8D11-00A0C91BC942}") = "TestPointer", "Unit01\TestPointer\TestPointer.vcxproj", "{4A901FF5-91AC-4DF9-BDFC-9C202F992033}"
EndProject
Project("{2150E333-8FDC-42A3-9474-1A3956D46DE8}") = "Unit05", "Unit05", "{092A2BB4-73B2-4238-9401-A5CD07CCFCB4}"
EndProject
Project("{8BC9CEB8-8B4A-11D0-8D11-00A0C91BC942}") = "AlohaWorld", "Misc\AlohaWorld\AlohaWorld.vcxproj", "{6649E014-842E-46FE-8D88-BB20AACAB7A5}"
EndProject
Project("{8BC9CEB8-8B4A-11D0-8D11-00A0C91BC942}") = "Friend", "Unit05\Friend\Friend.vcxproj", "{C2371AA8-28BB-4B58-9099-70C30A9B5EA8}"
EndProject
Project("{8BC9CEB8-8B4A-11D0-8D11-00A0C91BC942}") = "Assertion", "Unit05\Assertion\Assertion.vcxproj", "{49FED68E-FC5F-4CE6-8EC5-9E8B98DD75A1}"
EndProject
Project("{8BC9CEB8-8B4A-11D0-8D11-00A0C91BC942}") = "Constexpr", "Unit05\Constexpr\Constexpr.vcxproj", "{39072946-43D1-4084-944D-39449D0347E4}"
EndProject
Project("{8BC9CEB8-8B4A-11D0-8D11-00A0C91BC942}") = "DelegatingCtor", "Unit05\DelegatingCtor\DelegatingCtor.vcxproj", "{35623BC9-0948-4D65-8E93-29C6C8CB0FA8}"
EndProject
Project("{8BC9CEB8-8B4A-11D0-8D11-00A0C91BC942}") = "ImmutableObject", "Unit05\ImmutableObject\ImmutableObject.vcxproj", "{FEBA59B8-D994-479C-AF73-9F268CC29F8C}"
EndProject
Project("{8BC9CEB8-8B4A-11D0-8D11-00A0C91BC942}") = "StaticMembers", "Unit05\StaticMembers\StaticMembers.vcxproj", "{528FC938-C5E7-4310-9501-1BAD3F91A24E}"
EndProject
Project("{8BC9CEB8-8B4A-11D0-8D11-00A0C91BC942}") = "Destructor", "Unit05\Destructor\Destructor.vcxproj", "{568690A6-13BE-4A50-A3D3-F3EA33C04B9B}"
EndProject
Project("{8BC9CEB8-8B4A-11D0-8D11-00A0C91BC942}") = "CopyCtor", "Unit05\CopyCtor\CopyCtor.vcxproj", "{B8A959DA-7445-46A9-B037-680CB58E2248}"
EndProject
Project("{8BC9CEB8-8B4A-11D0-8D11-00A0C91BC942}") = "DeepCopy", "Unit05\DeepCopy\DeepCopy.vcxproj", "{47ACE4C6-6E13-440E-B6BF-FB8528245004}"
EndProject
Project("{8BC9CEB8-8B4A-11D0-8D11-00A0C91BC942}") = "StackOfIntegers", "Unit05\StackOfIntegers\StackOfIntegers.vcxproj", "{378D0949-EF39-48BD-ADAE-5572D895B964}"
EndProject
Project("{8BC9CEB8-8B4A-11D0-8D11-00A0C91BC942}") = "Tools", "Misc\Tools\Tools.vcxproj", "{03C30D74-221F-4023-A104-943C03E6C023}"
EndProject
Project("{8BC9CEB8-8B4A-11D0-8D11-00A0C91BC942}") = "TestVector", "Unit05\TestVector\TestVector.vcxproj", "{86B31AA1-51FD-4C1B-9DB9-5BC51982618A}"
EndProject
Project("{8BC9CEB8-8B4A-11D0-8D11-00A0C91BC942}") = "NameHiding", "Unit06\NameHiding\NameHiding.vcxproj", "{D7D9A788-D7A6-4B03-935D-E124B5D90D23}"
EndProject
Project("{2150E333-8FDC-42A3-9474-1A3956D46DE8}") = "Unit06", "Unit06", "{D5B02802-8D2C-4A72-8409-07ABE0526A8A}"
EndProject
Project("{8BC9CEB8-8B4A-11D0-8D11-00A0C91BC942}") = "BaseClassCtor", "Unit06\BaseClassCtor\BaseClassCtor.vcxproj", "{E9F8BD67-5776-481C-B33D-D4A1862BF4BA}"
EndProject
Project("{8BC9CEB8-8B4A-11D0-8D11-00A0C91BC942}") = "DefaultBaseClassCtor", "Unit06\DefaultBaseClassCtor\DefaultBaseClassCtor.vcxproj", "{99B57CB4-1A2E-4412-AC5E-C93A18EC1A0A}"
EndProject
Project("{8BC9CEB8-8B4A-11D0-8D11-00A0C91BC942}") = "Inheritance", "Unit06\Inheritance\Inheritance.vcxproj", "{BB26D88E-E50C-463B-8E24-547C24845046}"
EndProject
Project("{8BC9CEB8-8B4A-11D0-8D11-00A0C91BC942}") = "Override", "Unit06\Override\Override.vcxproj", "{FC3AF02D-317A-4D3E-9F92-8576BE908D2E}"
EndProject
Project("{8BC9CEB8-8B4A-11D0-8D11-00A0C91BC942}") = "TotalArea", "Unit04\TotalArea\TotalArea.vcxproj", "{E12DA334-35CB-4D91-A710-9E56328EE441}"
EndProject
Project("{8BC9CEB8-8B4A-11D0-8D11-00A0C91BC942}") = "CtorChain", "Unit06\CtorChain\CtorChain.vcxproj", "{197AFAE1-A9DD-4881-B920-D084886CB62B}"
EndProject
Project("{8BC9CEB8-8B4A-11D0-8D11-00A0C91BC942}") = "RedefineFunctions", "Unit06\RedefineFunctions\RedefineFunctions.vcxproj", "{F0558E94-297E-4CC1-AD8E-35A9008DB65F}"
EndProject
Project("{8BC9CEB8-8B4A-11D0-8D11-00A0C91BC942}") = "Polymorphism", "Unit06\Polymorphism\Polymorphism.vcxproj", "{B1643144-B366-4F20-97CC-B2E051C6D882}"
EndProject
Project("{8BC9CEB8-8B4A-11D0-8D11-00A0C91BC942}") = "Accessibility", "Unit06\Accessibility\Accessibility.vcxproj", "{19E98E97-C218-4331-B2E6-63200592982D}"
EndProject
Project("{8BC9CEB8-8B4A-11D0-8D11-00A0C91BC942}") = "AbstractClass", "Unit06\AbstractClass\AbstractClass.vcxproj", "{A79DC684-B618-4100-A4F8-A8B150AC9C65}"
EndProject
Project("{2150E333-8FDC-42A3-9474-1A3956D46DE8}") = "Unit07", "Unit07", "{BF80021E-5248-44FD-B643-2ACB18BE85E1}"
EndProject
Project("{8BC9CEB8-8B4A-11D0-8D11-00A0C91BC942}") = "CheckPath", "Unit07\CheckPath\CheckPath.vcxproj", "{A6EADB97-ECF6-4829-8B43-265BEDF8FEB3}"
EndProject
Project("{8BC9CEB8-8B4A-11D0-8D11-00A0C91BC942}") = "TextAndBinary", "Unit07\TextAndBinary\TextAndBinary.vcxproj", "{250A8FBD-7833-4810-A1EE-BA1342D3F436}"
EndProject
Project("{8BC9CEB8-8B4A-11D0-8D11-00A0C91BC942}") = "FileOutput", "Unit07\FileOutput\FileOutput.vcxproj", "{D0576127-5CFE-44D7-AB6A-7012576EE744}"
EndProject
Project("{8BC9CEB8-8B4A-11D0-8D11-00A0C91BC942}") = "FileInput", "Unit07\FileInput\FileInput.vcxproj", "{EA856A53-A3E5-43FE-8415-0E56E199D461}"
EndProject
Project("{8BC9CEB8-8B4A-11D0-8D11-00A0C91BC942}") = "SetPrecision", "Unit07\SetPrecision\SetPrecision.vcxproj", "{08E74C63-18A4-4755-A27E-49C10BBFE4B6}"
EndProject
Project("{8BC9CEB8-8B4A-11D0-8D11-00A0C91BC942}") = "tee2", "Unit07\tee2\tee2.vcxproj", "{DDB4179C-DF95-4B92-A253-429052FCB25B}"
EndProject
Project("{8BC9CEB8-8B4A-11D0-8D11-00A0C91BC942}") = "FileOpenMode", "Unit07\FileOpenMode\FileOpenMode.vcxproj", "{02CB34C7-6E8C-4284-B55C-0D72056ED12B}"
EndProject
Project("{8BC9CEB8-8B4A-11D0-8D11-00A0C91BC942}") = "BinaryOutput", "Unit07\BinaryOutput\BinaryOutput.vcxproj", "{7A4A0586-148A-4A30-8509-FCD3A13B27D5}"
EndProject
Project("{8BC9CEB8-8B4A-11D0-8D11-00A0C91BC942}") = "BinaryInput", "Unit07\BinaryInput\BinaryInput.vcxproj", "{CCE0D099-C54E-4247-B123-159B044A6E16}"
EndProject
Project("{8BC9CEB8-8B4A-11D0-8D11-00A0C91BC942}") = "PathQuery", "Unit07\PathQuery\PathQuery.vcxproj", "{2D843A51-7F2D-40A4-B492-BA8E251F62E8}"
EndProject
Project("{8BC9CEB8-8B4A-11D0-8D11-00A0C91BC942}") = "PathOperators", "Unit07\PathOperators\PathOperators.vcxproj", "{9A3F21F0-8AAD-44CB-9029-E43E583B15F1}"
EndProject
Project("{8BC9CEB8-8B4A-11D0-8D11-00A0C91BC942}") = "PathSpace", "Unit07\PathSpace\PathSpace.vcxproj", "{62A62D0D-1756-4ED5-86BE-5C5A5FC3BB80}"
EndProject
Project("{8BC9CEB8-8B4A-11D0-8D11-00A0C91BC942}") = "BufferedIO", "Unit07\BufferedIO\BufferedIO.vcxproj", "{D76CDBBD-DB3C-47B1-A5DB-38F0C80D8280}"
EndProject
Project("{8BC9CEB8-8B4A-11D0-8D11-00A0C91BC942}") = "FormatOutput", "Unit07\FormatOutput\FormatOutput.vcxproj", "{B15AC00E-828F-47B7-8870-C0106BA0716E}"
EndProject
Project("{8BC9CEB8-8B4A-11D0-8D11-00A0C91BC942}") = "GetlineDemo", "Unit07\GetlineDemo\GetlineDemo.vcxproj", "{EE0E1FE8-10AF-49FA-A262-43D64C09C74F}"
EndProject
Project("{8BC9CEB8-8B4A-11D0-8D11-00A0C91BC942}") = "BinaryIO", "Unit07\BinaryIO\BinaryIO.vcxproj", "{D1384481-03E0-4D9D-9094-44366BE16085}"
EndProject
Project("{8BC9CEB8-8B4A-11D0-8D11-00A0C91BC942}") = "RandomAccess", "Unit07\RandomAccess\RandomAccess.vcxproj", "{9E29807F-3EF9-4934-BAC2-5E4CB7E58E39}"
EndProject
Project("{2150E333-8FDC-42A3-9474-1A3956D46DE8}") = "Unit08", "Unit08", "{CDD93469-2545-4255-8977-73E661B46DB7}"
EndProject
Project("{8BC9CEB8-8B4A-11D0-8D11-00A0C91BC942}") = "Vec", "Unit08\Vec\Vec.vcxproj", "{154AC370-6E19-4D41-ADC7-5E8670B4D348}"
EndProject
Project("{8BC9CEB8-8B4A-11D0-8D11-00A0C91BC942}") = "LRValue", "Unit08\LRValue\LRValue.vcxproj", "{E923BEF0-6AB6-489C-BEFF-5AEDCCB0C334}"
EndProject
Project("{8BC9CEB8-8B4A-11D0-8D11-00A0C91BC942}") = "Vec2D", "Unit08\Vec2D\Vec2D.vcxproj", "{AD5A6CF8-A456-4D7D-9E4C-E10A01E81C1A}"
EndProject
Project("{8BC9CEB8-8B4A-11D0-8D11-00A0C91BC942}") = "OverloadingAssignmentOperator", "Unit08\OverloadingAssignmentOperator\OverloadingAssignmentOperator.vcxproj", "{0A5CD9D0-5E06-430A-B2E7-3D6D5BAEECC3}"
EndProject
Project("{2150E333-8FDC-42A3-9474-1A3956D46DE8}") = "Unit09", "Unit09", "{6A33C016-D955-47A7-8EEB-23135C2398B3}"
EndProject
Project("{8BC9CEB8-8B4A-11D0-8D11-00A0C91BC942}") = "MultipleCatch1", "Unit09\MultipleCatch1\MultipleCatch1\MultipleCatch1.vcxproj", "{2CB48D3A-31A8-4732-B541-F6F553C64646}"
EndProject
Project("{2150E333-8FDC-42A3-9474-1A3956D46DE8}") = "Unit10", "Unit10", "{C791883A-265F-45F7-908B-CC7CF0BC1CFB}"
EndProject
Project("{8BC9CEB8-8B4A-11D0-8D11-00A0C91BC942}") = "SelectionSort", "Unit10\SelectionSort\SelectionSort.vcxproj", "{6BD7F541-1A8E-4379-A509-11C99B286CB0}"
EndProject
Project("{8BC9CEB8-8B4A-11D0-8D11-00A0C91BC942}") = "GenericSort", "Unit10\GenericSort\GenericSort.vcxproj", "{7E66891A-06FC-4B26-AC08-F8465B63A9BC}"
EndProject
Project("{8BC9CEB8-8B4A-11D0-8D11-00A0C91BC942}") = "ExceptionDemo1", "Unit09\ExceptionDemo1\ExceptionDemo1.vcxproj", "{4EF04071-C75C-41C0-B810-E6B3CB9DC975}"
EndProject
Project("{8BC9CEB8-8B4A-11D0-8D11-00A0C91BC942}") = "bad_alloc", "Unit09\bad_alloc\bad_alloc.vcxproj", "{0B9293E7-7072-481F-B6A2-C0D121FAF50A}"
EndProject
Project("{8BC9CEB8-8B4A-11D0-8D11-00A0C91BC942}") = "bad_cast", "Unit09\bad_cast\bad_cast.vcxproj", "{11CD810E-C437-45C1-95E8-439B9EA7D5DA}"
EndProject
Project("{8BC9CEB8-8B4A-11D0-8D11-00A0C91BC942}") = "out_of_range", "Unit09\out_of_range\out_of_range.vcxproj", "{FB7F9788-2AC8-463B-A90A-3A0FF49907E3}"
EndProject
Project("{8BC9CEB8-8B4A-11D0-8D11-00A0C91BC942}") = "CustomExcept", "Unit09\CustomExcept\CustomExcept.vcxproj", "{3370FDC5-6EB2-4206-84BF-F7B5D5E81626}"
EndProject
Project("{8BC9CEB8-8B4A-11D0-8D11-00A0C91BC942}") = "noexcept", "Unit09\noexcept\noexcept.vcxproj", "{86F02751-418C-47E9-AF5E-F5A446CAD55C}"
EndProject
Project("{8BC9CEB8-8B4A-11D0-8D11-00A0C91BC942}") = "Propagate", "Unit09\Propagate\Propagate.vcxproj", "{07365B5D-5615-48B6-A7C6-43B49DD9B5E6}"
EndProject
Project("{8BC9CEB8-8B4A-11D0-8D11-00A0C91BC942}") = "RethrowException", "Unit09\RethrowException\RethrowException.vcxproj", "{F0BB8762-2257-4FA6-AD99-A770CB465695}"
EndProject
Project("{8BC9CEB8-8B4A-11D0-8D11-00A0C91BC942}") = "GenericAdd", "Unit10\GenericAdd\GenericAdd.vcxproj", "{71139621-507F-4A53-9F13-69F7B1904FD8}"
EndProject
Project("{8BC9CEB8-8B4A-11D0-8D11-00A0C91BC942}") = "Instantiate", "Unit10\Instantiate\Instantiate.vcxproj", "{CB3DC0E4-2739-474F-9FE6-B5C3EFC2A294}"
EndProject
Project("{8BC9CEB8-8B4A-11D0-8D11-00A0C91BC942}") = "GenericStack", "Unit10\GenericStack\GenericStack.vcxproj", "{27E8161D-F40F-4E52-8DB6-C3430072CFA1}"
EndProject
Project("{8BC9CEB8-8B4A-11D0-8D11-00A0C91BC942}") = "SpecialParams", "Unit10\SpecialParams\SpecialParams.vcxproj", "{43281F62-FDDC-4DE7-8234-79964DECCFB7}"
EndProject
Global
	GlobalSection(SolutionConfigurationPlatforms) = preSolution
		Debug|x64 = Debug|x64
		Debug|x86 = Debug|x86
		Release|x64 = Release|x64
		Release|x86 = Release|x86
	EndGlobalSection
	GlobalSection(ProjectConfigurationPlatforms) = postSolution
		{54ABB186-A189-40CD-B7F6-1079934B9272}.Debug|x64.ActiveCfg = Debug|x64
		{54ABB186-A189-40CD-B7F6-1079934B9272}.Debug|x64.Build.0 = Debug|x64
		{54ABB186-A189-40CD-B7F6-1079934B9272}.Debug|x86.ActiveCfg = Debug|Win32
		{54ABB186-A189-40CD-B7F6-1079934B9272}.Debug|x86.Build.0 = Debug|Win32
		{54ABB186-A189-40CD-B7F6-1079934B9272}.Release|x64.ActiveCfg = Release|x64
		{54ABB186-A189-40CD-B7F6-1079934B9272}.Release|x64.Build.0 = Release|x64
		{54ABB186-A189-40CD-B7F6-1079934B9272}.Release|x86.ActiveCfg = Release|Win32
		{54ABB186-A189-40CD-B7F6-1079934B9272}.Release|x86.Build.0 = Release|Win32
		{ED16F1AD-8510-4E23-9205-E980A98C46B7}.Debug|x64.ActiveCfg = Debug|x64
		{ED16F1AD-8510-4E23-9205-E980A98C46B7}.Debug|x64.Build.0 = Debug|x64
		{ED16F1AD-8510-4E23-9205-E980A98C46B7}.Debug|x86.ActiveCfg = Debug|Win32
		{ED16F1AD-8510-4E23-9205-E980A98C46B7}.Debug|x86.Build.0 = Debug|Win32
		{ED16F1AD-8510-4E23-9205-E980A98C46B7}.Release|x64.ActiveCfg = Release|x64
		{ED16F1AD-8510-4E23-9205-E980A98C46B7}.Release|x64.Build.0 = Release|x64
		{ED16F1AD-8510-4E23-9205-E980A98C46B7}.Release|x86.ActiveCfg = Release|Win32
		{ED16F1AD-8510-4E23-9205-E980A98C46B7}.Release|x86.Build.0 = Release|Win32
		{61D5EF28-53A3-42B0-BC58-341A51ED724F}.Debug|x64.ActiveCfg = Debug|x64
		{61D5EF28-53A3-42B0-BC58-341A51ED724F}.Debug|x64.Build.0 = Debug|x64
		{61D5EF28-53A3-42B0-BC58-341A51ED724F}.Debug|x86.ActiveCfg = Debug|Win32
		{61D5EF28-53A3-42B0-BC58-341A51ED724F}.Debug|x86.Build.0 = Debug|Win32
		{61D5EF28-53A3-42B0-BC58-341A51ED724F}.Release|x64.ActiveCfg = Release|x64
		{61D5EF28-53A3-42B0-BC58-341A51ED724F}.Release|x64.Build.0 = Release|x64
		{61D5EF28-53A3-42B0-BC58-341A51ED724F}.Release|x86.ActiveCfg = Release|Win32
		{61D5EF28-53A3-42B0-BC58-341A51ED724F}.Release|x86.Build.0 = Release|Win32
		{6183E57E-4C0B-4D48-9FC6-92EC900ECB90}.Debug|x64.ActiveCfg = Debug|x64
		{6183E57E-4C0B-4D48-9FC6-92EC900ECB90}.Debug|x64.Build.0 = Debug|x64
		{6183E57E-4C0B-4D48-9FC6-92EC900ECB90}.Debug|x86.ActiveCfg = Debug|Win32
		{6183E57E-4C0B-4D48-9FC6-92EC900ECB90}.Debug|x86.Build.0 = Debug|Win32
		{6183E57E-4C0B-4D48-9FC6-92EC900ECB90}.Release|x64.ActiveCfg = Release|x64
		{6183E57E-4C0B-4D48-9FC6-92EC900ECB90}.Release|x64.Build.0 = Release|x64
		{6183E57E-4C0B-4D48-9FC6-92EC900ECB90}.Release|x86.ActiveCfg = Release|Win32
		{6183E57E-4C0B-4D48-9FC6-92EC900ECB90}.Release|x86.Build.0 = Release|Win32
		{2045DCB0-2187-4228-ABC5-CF773A507C92}.Debug|x64.ActiveCfg = Debug|x64
		{2045DCB0-2187-4228-ABC5-CF773A507C92}.Debug|x64.Build.0 = Debug|x64
		{2045DCB0-2187-4228-ABC5-CF773A507C92}.Debug|x86.ActiveCfg = Debug|Win32
		{2045DCB0-2187-4228-ABC5-CF773A507C92}.Debug|x86.Build.0 = Debug|Win32
		{2045DCB0-2187-4228-ABC5-CF773A507C92}.Release|x64.ActiveCfg = Release|x64
		{2045DCB0-2187-4228-ABC5-CF773A507C92}.Release|x64.Build.0 = Release|x64
		{2045DCB0-2187-4228-ABC5-CF773A507C92}.Release|x86.ActiveCfg = Release|Win32
		{2045DCB0-2187-4228-ABC5-CF773A507C92}.Release|x86.Build.0 = Release|Win32
		{E8CDD868-FF91-4975-972E-874ECA32923F}.Debug|x64.ActiveCfg = Debug|x64
		{E8CDD868-FF91-4975-972E-874ECA32923F}.Debug|x64.Build.0 = Debug|x64
		{E8CDD868-FF91-4975-972E-874ECA32923F}.Debug|x86.ActiveCfg = Debug|Win32
		{E8CDD868-FF91-4975-972E-874ECA32923F}.Debug|x86.Build.0 = Debug|Win32
		{E8CDD868-FF91-4975-972E-874ECA32923F}.Release|x64.ActiveCfg = Release|x64
		{E8CDD868-FF91-4975-972E-874ECA32923F}.Release|x64.Build.0 = Release|x64
		{E8CDD868-FF91-4975-972E-874ECA32923F}.Release|x86.ActiveCfg = Release|Win32
		{E8CDD868-FF91-4975-972E-874ECA32923F}.Release|x86.Build.0 = Release|Win32
		{6424E8F7-A541-4E2C-BA9F-445E6B1821C0}.Debug|x64.ActiveCfg = Debug|x64
		{6424E8F7-A541-4E2C-BA9F-445E6B1821C0}.Debug|x64.Build.0 = Debug|x64
		{6424E8F7-A541-4E2C-BA9F-445E6B1821C0}.Debug|x86.ActiveCfg = Debug|Win32
		{6424E8F7-A541-4E2C-BA9F-445E6B1821C0}.Debug|x86.Build.0 = Debug|Win32
		{6424E8F7-A541-4E2C-BA9F-445E6B1821C0}.Release|x64.ActiveCfg = Release|x64
		{6424E8F7-A541-4E2C-BA9F-445E6B1821C0}.Release|x64.Build.0 = Release|x64
		{6424E8F7-A541-4E2C-BA9F-445E6B1821C0}.Release|x86.ActiveCfg = Release|Win32
		{6424E8F7-A541-4E2C-BA9F-445E6B1821C0}.Release|x86.Build.0 = Release|Win32
		{847B2E0E-6495-46B9-9E86-EE38CF8B1AA3}.Debug|x64.ActiveCfg = Debug|x64
		{847B2E0E-6495-46B9-9E86-EE38CF8B1AA3}.Debug|x64.Build.0 = Debug|x64
		{847B2E0E-6495-46B9-9E86-EE38CF8B1AA3}.Debug|x86.ActiveCfg = Debug|Win32
		{847B2E0E-6495-46B9-9E86-EE38CF8B1AA3}.Debug|x86.Build.0 = Debug|Win32
		{847B2E0E-6495-46B9-9E86-EE38CF8B1AA3}.Release|x64.ActiveCfg = Release|x64
		{847B2E0E-6495-46B9-9E86-EE38CF8B1AA3}.Release|x64.Build.0 = Release|x64
		{847B2E0E-6495-46B9-9E86-EE38CF8B1AA3}.Release|x86.ActiveCfg = Release|Win32
		{847B2E0E-6495-46B9-9E86-EE38CF8B1AA3}.Release|x86.Build.0 = Release|Win32
		{0F91CC7E-70CF-4EF9-A075-4AAB44B4C4F4}.Debug|x64.ActiveCfg = Debug|x64
		{0F91CC7E-70CF-4EF9-A075-4AAB44B4C4F4}.Debug|x64.Build.0 = Debug|x64
		{0F91CC7E-70CF-4EF9-A075-4AAB44B4C4F4}.Debug|x86.ActiveCfg = Debug|Win32
		{0F91CC7E-70CF-4EF9-A075-4AAB44B4C4F4}.Debug|x86.Build.0 = Debug|Win32
		{0F91CC7E-70CF-4EF9-A075-4AAB44B4C4F4}.Release|x64.ActiveCfg = Release|x64
		{0F91CC7E-70CF-4EF9-A075-4AAB44B4C4F4}.Release|x64.Build.0 = Release|x64
		{0F91CC7E-70CF-4EF9-A075-4AAB44B4C4F4}.Release|x86.ActiveCfg = Release|Win32
		{0F91CC7E-70CF-4EF9-A075-4AAB44B4C4F4}.Release|x86.Build.0 = Release|Win32
		{898952C3-32DE-4B89-99B4-01409854DD5E}.Debug|x64.ActiveCfg = Debug|x64
		{898952C3-32DE-4B89-99B4-01409854DD5E}.Debug|x64.Build.0 = Debug|x64
		{898952C3-32DE-4B89-99B4-01409854DD5E}.Debug|x86.ActiveCfg = Debug|Win32
		{898952C3-32DE-4B89-99B4-01409854DD5E}.Debug|x86.Build.0 = Debug|Win32
		{898952C3-32DE-4B89-99B4-01409854DD5E}.Release|x64.ActiveCfg = Release|x64
		{898952C3-32DE-4B89-99B4-01409854DD5E}.Release|x64.Build.0 = Release|x64
		{898952C3-32DE-4B89-99B4-01409854DD5E}.Release|x86.ActiveCfg = Release|Win32
		{898952C3-32DE-4B89-99B4-01409854DD5E}.Release|x86.Build.0 = Release|Win32
		{9C87C72B-0754-4848-9E1D-6048A4FC4490}.Debug|x64.ActiveCfg = Debug|x64
		{9C87C72B-0754-4848-9E1D-6048A4FC4490}.Debug|x64.Build.0 = Debug|x64
		{9C87C72B-0754-4848-9E1D-6048A4FC4490}.Debug|x86.ActiveCfg = Debug|Win32
		{9C87C72B-0754-4848-9E1D-6048A4FC4490}.Debug|x86.Build.0 = Debug|Win32
		{9C87C72B-0754-4848-9E1D-6048A4FC4490}.Release|x64.ActiveCfg = Release|x64
		{9C87C72B-0754-4848-9E1D-6048A4FC4490}.Release|x64.Build.0 = Release|x64
		{9C87C72B-0754-4848-9E1D-6048A4FC4490}.Release|x86.ActiveCfg = Release|Win32
		{9C87C72B-0754-4848-9E1D-6048A4FC4490}.Release|x86.Build.0 = Release|Win32
		{C45FE22B-2B42-45DA-9D4A-7534977474DA}.Debug|x64.ActiveCfg = Debug|x64
		{C45FE22B-2B42-45DA-9D4A-7534977474DA}.Debug|x64.Build.0 = Debug|x64
		{C45FE22B-2B42-45DA-9D4A-7534977474DA}.Debug|x86.ActiveCfg = Debug|Win32
		{C45FE22B-2B42-45DA-9D4A-7534977474DA}.Debug|x86.Build.0 = Debug|Win32
		{C45FE22B-2B42-45DA-9D4A-7534977474DA}.Release|x64.ActiveCfg = Release|x64
		{C45FE22B-2B42-45DA-9D4A-7534977474DA}.Release|x64.Build.0 = Release|x64
		{C45FE22B-2B42-45DA-9D4A-7534977474DA}.Release|x86.ActiveCfg = Release|Win32
		{C45FE22B-2B42-45DA-9D4A-7534977474DA}.Release|x86.Build.0 = Release|Win32
		{1E4440EC-67D9-4769-AF35-1F7CA2807C0E}.Debug|x64.ActiveCfg = Debug|x64
		{1E4440EC-67D9-4769-AF35-1F7CA2807C0E}.Debug|x64.Build.0 = Debug|x64
		{1E4440EC-67D9-4769-AF35-1F7CA2807C0E}.Debug|x86.ActiveCfg = Debug|Win32
		{1E4440EC-67D9-4769-AF35-1F7CA2807C0E}.Debug|x86.Build.0 = Debug|Win32
		{1E4440EC-67D9-4769-AF35-1F7CA2807C0E}.Release|x64.ActiveCfg = Release|x64
		{1E4440EC-67D9-4769-AF35-1F7CA2807C0E}.Release|x64.Build.0 = Release|x64
		{1E4440EC-67D9-4769-AF35-1F7CA2807C0E}.Release|x86.ActiveCfg = Release|Win32
		{1E4440EC-67D9-4769-AF35-1F7CA2807C0E}.Release|x86.Build.0 = Release|Win32
		{D682F1FC-1706-4958-8A43-FCD54EA4AAE8}.Debug|x64.ActiveCfg = Debug|x64
		{D682F1FC-1706-4958-8A43-FCD54EA4AAE8}.Debug|x64.Build.0 = Debug|x64
		{D682F1FC-1706-4958-8A43-FCD54EA4AAE8}.Debug|x86.ActiveCfg = Debug|Win32
		{D682F1FC-1706-4958-8A43-FCD54EA4AAE8}.Debug|x86.Build.0 = Debug|Win32
		{D682F1FC-1706-4958-8A43-FCD54EA4AAE8}.Release|x64.ActiveCfg = Release|x64
		{D682F1FC-1706-4958-8A43-FCD54EA4AAE8}.Release|x64.Build.0 = Release|x64
		{D682F1FC-1706-4958-8A43-FCD54EA4AAE8}.Release|x86.ActiveCfg = Release|Win32
		{D682F1FC-1706-4958-8A43-FCD54EA4AAE8}.Release|x86.Build.0 = Release|Win32
		{A804C484-8D07-40F2-B7AC-FD29F0648EA8}.Debug|x64.ActiveCfg = Debug|x64
		{A804C484-8D07-40F2-B7AC-FD29F0648EA8}.Debug|x64.Build.0 = Debug|x64
		{A804C484-8D07-40F2-B7AC-FD29F0648EA8}.Debug|x86.ActiveCfg = Debug|Win32
		{A804C484-8D07-40F2-B7AC-FD29F0648EA8}.Debug|x86.Build.0 = Debug|Win32
		{A804C484-8D07-40F2-B7AC-FD29F0648EA8}.Release|x64.ActiveCfg = Release|x64
		{A804C484-8D07-40F2-B7AC-FD29F0648EA8}.Release|x64.Build.0 = Release|x64
		{A804C484-8D07-40F2-B7AC-FD29F0648EA8}.Release|x86.ActiveCfg = Release|Win32
		{A804C484-8D07-40F2-B7AC-FD29F0648EA8}.Release|x86.Build.0 = Release|Win32
		{EE6C916C-4657-45C6-A56C-0CEFF7E2F9A0}.Debug|x64.ActiveCfg = Debug|x64
		{EE6C916C-4657-45C6-A56C-0CEFF7E2F9A0}.Debug|x64.Build.0 = Debug|x64
		{EE6C916C-4657-45C6-A56C-0CEFF7E2F9A0}.Debug|x86.ActiveCfg = Debug|Win32
		{EE6C916C-4657-45C6-A56C-0CEFF7E2F9A0}.Debug|x86.Build.0 = Debug|Win32
		{EE6C916C-4657-45C6-A56C-0CEFF7E2F9A0}.Release|x64.ActiveCfg = Release|x64
		{EE6C916C-4657-45C6-A56C-0CEFF7E2F9A0}.Release|x64.Build.0 = Release|x64
		{EE6C916C-4657-45C6-A56C-0CEFF7E2F9A0}.Release|x86.ActiveCfg = Release|Win32
		{EE6C916C-4657-45C6-A56C-0CEFF7E2F9A0}.Release|x86.Build.0 = Release|Win32
		{D883C7F5-15DD-4A80-BE6C-A8FED5F16EED}.Debug|x64.ActiveCfg = Debug|x64
		{D883C7F5-15DD-4A80-BE6C-A8FED5F16EED}.Debug|x64.Build.0 = Debug|x64
		{D883C7F5-15DD-4A80-BE6C-A8FED5F16EED}.Debug|x86.ActiveCfg = Debug|Win32
		{D883C7F5-15DD-4A80-BE6C-A8FED5F16EED}.Debug|x86.Build.0 = Debug|Win32
		{D883C7F5-15DD-4A80-BE6C-A8FED5F16EED}.Release|x64.ActiveCfg = Release|x64
		{D883C7F5-15DD-4A80-BE6C-A8FED5F16EED}.Release|x64.Build.0 = Release|x64
		{D883C7F5-15DD-4A80-BE6C-A8FED5F16EED}.Release|x86.ActiveCfg = Release|Win32
		{D883C7F5-15DD-4A80-BE6C-A8FED5F16EED}.Release|x86.Build.0 = Release|Win32
		{8BC8E4CB-A3E1-42AA-AC04-4CAA92B475AF}.Debug|x64.ActiveCfg = Debug|x64
		{8BC8E4CB-A3E1-42AA-AC04-4CAA92B475AF}.Debug|x64.Build.0 = Debug|x64
		{8BC8E4CB-A3E1-42AA-AC04-4CAA92B475AF}.Debug|x86.ActiveCfg = Debug|Win32
		{8BC8E4CB-A3E1-42AA-AC04-4CAA92B475AF}.Debug|x86.Build.0 = Debug|Win32
		{8BC8E4CB-A3E1-42AA-AC04-4CAA92B475AF}.Release|x64.ActiveCfg = Release|x64
		{8BC8E4CB-A3E1-42AA-AC04-4CAA92B475AF}.Release|x64.Build.0 = Release|x64
		{8BC8E4CB-A3E1-42AA-AC04-4CAA92B475AF}.Release|x86.ActiveCfg = Release|Win32
		{8BC8E4CB-A3E1-42AA-AC04-4CAA92B475AF}.Release|x86.Build.0 = Release|Win32
		{4A901FF5-91AC-4DF9-BDFC-9C202F992033}.Debug|x64.ActiveCfg = Debug|x64
		{4A901FF5-91AC-4DF9-BDFC-9C202F992033}.Debug|x64.Build.0 = Debug|x64
		{4A901FF5-91AC-4DF9-BDFC-9C202F992033}.Debug|x86.ActiveCfg = Debug|Win32
		{4A901FF5-91AC-4DF9-BDFC-9C202F992033}.Debug|x86.Build.0 = Debug|Win32
		{4A901FF5-91AC-4DF9-BDFC-9C202F992033}.Release|x64.ActiveCfg = Release|x64
		{4A901FF5-91AC-4DF9-BDFC-9C202F992033}.Release|x64.Build.0 = Release|x64
		{4A901FF5-91AC-4DF9-BDFC-9C202F992033}.Release|x86.ActiveCfg = Release|Win32
		{4A901FF5-91AC-4DF9-BDFC-9C202F992033}.Release|x86.Build.0 = Release|Win32
		{6649E014-842E-46FE-8D88-BB20AACAB7A5}.Debug|x64.ActiveCfg = Debug|x64
		{6649E014-842E-46FE-8D88-BB20AACAB7A5}.Debug|x64.Build.0 = Debug|x64
		{6649E014-842E-46FE-8D88-BB20AACAB7A5}.Debug|x86.ActiveCfg = Debug|Win32
		{6649E014-842E-46FE-8D88-BB20AACAB7A5}.Debug|x86.Build.0 = Debug|Win32
		{6649E014-842E-46FE-8D88-BB20AACAB7A5}.Release|x64.ActiveCfg = Release|x64
		{6649E014-842E-46FE-8D88-BB20AACAB7A5}.Release|x64.Build.0 = Release|x64
		{6649E014-842E-46FE-8D88-BB20AACAB7A5}.Release|x86.ActiveCfg = Release|Win32
		{6649E014-842E-46FE-8D88-BB20AACAB7A5}.Release|x86.Build.0 = Release|Win32
		{C2371AA8-28BB-4B58-9099-70C30A9B5EA8}.Debug|x64.ActiveCfg = Debug|x64
		{C2371AA8-28BB-4B58-9099-70C30A9B5EA8}.Debug|x64.Build.0 = Debug|x64
		{C2371AA8-28BB-4B58-9099-70C30A9B5EA8}.Debug|x86.ActiveCfg = Debug|Win32
		{C2371AA8-28BB-4B58-9099-70C30A9B5EA8}.Debug|x86.Build.0 = Debug|Win32
		{C2371AA8-28BB-4B58-9099-70C30A9B5EA8}.Release|x64.ActiveCfg = Release|x64
		{C2371AA8-28BB-4B58-9099-70C30A9B5EA8}.Release|x64.Build.0 = Release|x64
		{C2371AA8-28BB-4B58-9099-70C30A9B5EA8}.Release|x86.ActiveCfg = Release|Win32
		{C2371AA8-28BB-4B58-9099-70C30A9B5EA8}.Release|x86.Build.0 = Release|Win32
		{49FED68E-FC5F-4CE6-8EC5-9E8B98DD75A1}.Debug|x64.ActiveCfg = Debug|x64
		{49FED68E-FC5F-4CE6-8EC5-9E8B98DD75A1}.Debug|x64.Build.0 = Debug|x64
		{49FED68E-FC5F-4CE6-8EC5-9E8B98DD75A1}.Debug|x86.ActiveCfg = Debug|Win32
		{49FED68E-FC5F-4CE6-8EC5-9E8B98DD75A1}.Debug|x86.Build.0 = Debug|Win32
		{49FED68E-FC5F-4CE6-8EC5-9E8B98DD75A1}.Release|x64.ActiveCfg = Release|x64
		{49FED68E-FC5F-4CE6-8EC5-9E8B98DD75A1}.Release|x64.Build.0 = Release|x64
		{49FED68E-FC5F-4CE6-8EC5-9E8B98DD75A1}.Release|x86.ActiveCfg = Release|Win32
		{49FED68E-FC5F-4CE6-8EC5-9E8B98DD75A1}.Release|x86.Build.0 = Release|Win32
		{39072946-43D1-4084-944D-39449D0347E4}.Debug|x64.ActiveCfg = Debug|x64
		{39072946-43D1-4084-944D-39449D0347E4}.Debug|x64.Build.0 = Debug|x64
		{39072946-43D1-4084-944D-39449D0347E4}.Debug|x86.ActiveCfg = Debug|Win32
		{39072946-43D1-4084-944D-39449D0347E4}.Debug|x86.Build.0 = Debug|Win32
		{39072946-43D1-4084-944D-39449D0347E4}.Release|x64.ActiveCfg = Release|x64
		{39072946-43D1-4084-944D-39449D0347E4}.Release|x64.Build.0 = Release|x64
		{39072946-43D1-4084-944D-39449D0347E4}.Release|x86.ActiveCfg = Release|Win32
		{39072946-43D1-4084-944D-39449D0347E4}.Release|x86.Build.0 = Release|Win32
		{35623BC9-0948-4D65-8E93-29C6C8CB0FA8}.Debug|x64.ActiveCfg = Debug|x64
		{35623BC9-0948-4D65-8E93-29C6C8CB0FA8}.Debug|x64.Build.0 = Debug|x64
		{35623BC9-0948-4D65-8E93-29C6C8CB0FA8}.Debug|x86.ActiveCfg = Debug|Win32
		{35623BC9-0948-4D65-8E93-29C6C8CB0FA8}.Debug|x86.Build.0 = Debug|Win32
		{35623BC9-0948-4D65-8E93-29C6C8CB0FA8}.Release|x64.ActiveCfg = Release|x64
		{35623BC9-0948-4D65-8E93-29C6C8CB0FA8}.Release|x64.Build.0 = Release|x64
		{35623BC9-0948-4D65-8E93-29C6C8CB0FA8}.Release|x86.ActiveCfg = Release|Win32
		{35623BC9-0948-4D65-8E93-29C6C8CB0FA8}.Release|x86.Build.0 = Release|Win32
		{FEBA59B8-D994-479C-AF73-9F268CC29F8C}.Debug|x64.ActiveCfg = Debug|x64
		{FEBA59B8-D994-479C-AF73-9F268CC29F8C}.Debug|x64.Build.0 = Debug|x64
		{FEBA59B8-D994-479C-AF73-9F268CC29F8C}.Debug|x86.ActiveCfg = Debug|Win32
		{FEBA59B8-D994-479C-AF73-9F268CC29F8C}.Debug|x86.Build.0 = Debug|Win32
		{FEBA59B8-D994-479C-AF73-9F268CC29F8C}.Release|x64.ActiveCfg = Release|x64
		{FEBA59B8-D994-479C-AF73-9F268CC29F8C}.Release|x64.Build.0 = Release|x64
		{FEBA59B8-D994-479C-AF73-9F268CC29F8C}.Release|x86.ActiveCfg = Release|Win32
		{FEBA59B8-D994-479C-AF73-9F268CC29F8C}.Release|x86.Build.0 = Release|Win32
		{528FC938-C5E7-4310-9501-1BAD3F91A24E}.Debug|x64.ActiveCfg = Debug|x64
		{528FC938-C5E7-4310-9501-1BAD3F91A24E}.Debug|x64.Build.0 = Debug|x64
		{528FC938-C5E7-4310-9501-1BAD3F91A24E}.Debug|x86.ActiveCfg = Debug|Win32
		{528FC938-C5E7-4310-9501-1BAD3F91A24E}.Debug|x86.Build.0 = Debug|Win32
		{528FC938-C5E7-4310-9501-1BAD3F91A24E}.Release|x64.ActiveCfg = Release|x64
		{528FC938-C5E7-4310-9501-1BAD3F91A24E}.Release|x64.Build.0 = Release|x64
		{528FC938-C5E7-4310-9501-1BAD3F91A24E}.Release|x86.ActiveCfg = Release|Win32
		{528FC938-C5E7-4310-9501-1BAD3F91A24E}.Release|x86.Build.0 = Release|Win32
		{568690A6-13BE-4A50-A3D3-F3EA33C04B9B}.Debug|x64.ActiveCfg = Debug|x64
		{568690A6-13BE-4A50-A3D3-F3EA33C04B9B}.Debug|x64.Build.0 = Debug|x64
		{568690A6-13BE-4A50-A3D3-F3EA33C04B9B}.Debug|x86.ActiveCfg = Debug|Win32
		{568690A6-13BE-4A50-A3D3-F3EA33C04B9B}.Debug|x86.Build.0 = Debug|Win32
		{568690A6-13BE-4A50-A3D3-F3EA33C04B9B}.Release|x64.ActiveCfg = Release|x64
		{568690A6-13BE-4A50-A3D3-F3EA33C04B9B}.Release|x64.Build.0 = Release|x64
		{568690A6-13BE-4A50-A3D3-F3EA33C04B9B}.Release|x86.ActiveCfg = Release|Win32
		{568690A6-13BE-4A50-A3D3-F3EA33C04B9B}.Release|x86.Build.0 = Release|Win32
		{B8A959DA-7445-46A9-B037-680CB58E2248}.Debug|x64.ActiveCfg = Debug|x64
		{B8A959DA-7445-46A9-B037-680CB58E2248}.Debug|x64.Build.0 = Debug|x64
		{B8A959DA-7445-46A9-B037-680CB58E2248}.Debug|x86.ActiveCfg = Debug|Win32
		{B8A959DA-7445-46A9-B037-680CB58E2248}.Debug|x86.Build.0 = Debug|Win32
		{B8A959DA-7445-46A9-B037-680CB58E2248}.Release|x64.ActiveCfg = Release|x64
		{B8A959DA-7445-46A9-B037-680CB58E2248}.Release|x64.Build.0 = Release|x64
		{B8A959DA-7445-46A9-B037-680CB58E2248}.Release|x86.ActiveCfg = Release|Win32
		{B8A959DA-7445-46A9-B037-680CB58E2248}.Release|x86.Build.0 = Release|Win32
		{47ACE4C6-6E13-440E-B6BF-FB8528245004}.Debug|x64.ActiveCfg = Debug|x64
		{47ACE4C6-6E13-440E-B6BF-FB8528245004}.Debug|x64.Build.0 = Debug|x64
		{47ACE4C6-6E13-440E-B6BF-FB8528245004}.Debug|x86.ActiveCfg = Debug|Win32
		{47ACE4C6-6E13-440E-B6BF-FB8528245004}.Debug|x86.Build.0 = Debug|Win32
		{47ACE4C6-6E13-440E-B6BF-FB8528245004}.Release|x64.ActiveCfg = Release|x64
		{47ACE4C6-6E13-440E-B6BF-FB8528245004}.Release|x64.Build.0 = Release|x64
		{47ACE4C6-6E13-440E-B6BF-FB8528245004}.Release|x86.ActiveCfg = Release|Win32
		{47ACE4C6-6E13-440E-B6BF-FB8528245004}.Release|x86.Build.0 = Release|Win32
		{378D0949-EF39-48BD-ADAE-5572D895B964}.Debug|x64.ActiveCfg = Debug|x64
		{378D0949-EF39-48BD-ADAE-5572D895B964}.Debug|x64.Build.0 = Debug|x64
		{378D0949-EF39-48BD-ADAE-5572D895B964}.Debug|x86.ActiveCfg = Debug|Win32
		{378D0949-EF39-48BD-ADAE-5572D895B964}.Debug|x86.Build.0 = Debug|Win32
		{378D0949-EF39-48BD-ADAE-5572D895B964}.Release|x64.ActiveCfg = Release|x64
		{378D0949-EF39-48BD-ADAE-5572D895B964}.Release|x64.Build.0 = Release|x64
		{378D0949-EF39-48BD-ADAE-5572D895B964}.Release|x86.ActiveCfg = Release|Win32
		{378D0949-EF39-48BD-ADAE-5572D895B964}.Release|x86.Build.0 = Release|Win32
		{03C30D74-221F-4023-A104-943C03E6C023}.Debug|x64.ActiveCfg = Debug|x64
		{03C30D74-221F-4023-A104-943C03E6C023}.Debug|x64.Build.0 = Debug|x64
		{03C30D74-221F-4023-A104-943C03E6C023}.Debug|x86.ActiveCfg = Debug|Win32
		{03C30D74-221F-4023-A104-943C03E6C023}.Debug|x86.Build.0 = Debug|Win32
		{03C30D74-221F-4023-A104-943C03E6C023}.Release|x64.ActiveCfg = Release|x64
		{03C30D74-221F-4023-A104-943C03E6C023}.Release|x64.Build.0 = Release|x64
		{03C30D74-221F-4023-A104-943C03E6C023}.Release|x86.ActiveCfg = Release|Win32
		{03C30D74-221F-4023-A104-943C03E6C023}.Release|x86.Build.0 = Release|Win32
		{86B31AA1-51FD-4C1B-9DB9-5BC51982618A}.Debug|x64.ActiveCfg = Debug|x64
		{86B31AA1-51FD-4C1B-9DB9-5BC51982618A}.Debug|x64.Build.0 = Debug|x64
		{86B31AA1-51FD-4C1B-9DB9-5BC51982618A}.Debug|x86.ActiveCfg = Debug|Win32
		{86B31AA1-51FD-4C1B-9DB9-5BC51982618A}.Debug|x86.Build.0 = Debug|Win32
		{86B31AA1-51FD-4C1B-9DB9-5BC51982618A}.Release|x64.ActiveCfg = Release|x64
		{86B31AA1-51FD-4C1B-9DB9-5BC51982618A}.Release|x64.Build.0 = Release|x64
		{86B31AA1-51FD-4C1B-9DB9-5BC51982618A}.Release|x86.ActiveCfg = Release|Win32
		{86B31AA1-51FD-4C1B-9DB9-5BC51982618A}.Release|x86.Build.0 = Release|Win32
		{D7D9A788-D7A6-4B03-935D-E124B5D90D23}.Debug|x64.ActiveCfg = Debug|x64
		{D7D9A788-D7A6-4B03-935D-E124B5D90D23}.Debug|x64.Build.0 = Debug|x64
		{D7D9A788-D7A6-4B03-935D-E124B5D90D23}.Debug|x86.ActiveCfg = Debug|Win32
		{D7D9A788-D7A6-4B03-935D-E124B5D90D23}.Debug|x86.Build.0 = Debug|Win32
		{D7D9A788-D7A6-4B03-935D-E124B5D90D23}.Release|x64.ActiveCfg = Release|x64
		{D7D9A788-D7A6-4B03-935D-E124B5D90D23}.Release|x64.Build.0 = Release|x64
		{D7D9A788-D7A6-4B03-935D-E124B5D90D23}.Release|x86.ActiveCfg = Release|Win32
		{D7D9A788-D7A6-4B03-935D-E124B5D90D23}.Release|x86.Build.0 = Release|Win32
		{E9F8BD67-5776-481C-B33D-D4A1862BF4BA}.Debug|x64.ActiveCfg = Debug|x64
		{E9F8BD67-5776-481C-B33D-D4A1862BF4BA}.Debug|x64.Build.0 = Debug|x64
		{E9F8BD67-5776-481C-B33D-D4A1862BF4BA}.Debug|x86.ActiveCfg = Debug|Win32
		{E9F8BD67-5776-481C-B33D-D4A1862BF4BA}.Debug|x86.Build.0 = Debug|Win32
		{E9F8BD67-5776-481C-B33D-D4A1862BF4BA}.Release|x64.ActiveCfg = Release|x64
		{E9F8BD67-5776-481C-B33D-D4A1862BF4BA}.Release|x64.Build.0 = Release|x64
		{E9F8BD67-5776-481C-B33D-D4A1862BF4BA}.Release|x86.ActiveCfg = Release|Win32
		{E9F8BD67-5776-481C-B33D-D4A1862BF4BA}.Release|x86.Build.0 = Release|Win32
		{99B57CB4-1A2E-4412-AC5E-C93A18EC1A0A}.Debug|x64.ActiveCfg = Debug|x64
		{99B57CB4-1A2E-4412-AC5E-C93A18EC1A0A}.Debug|x64.Build.0 = Debug|x64
		{99B57CB4-1A2E-4412-AC5E-C93A18EC1A0A}.Debug|x86.ActiveCfg = Debug|Win32
		{99B57CB4-1A2E-4412-AC5E-C93A18EC1A0A}.Debug|x86.Build.0 = Debug|Win32
		{99B57CB4-1A2E-4412-AC5E-C93A18EC1A0A}.Release|x64.ActiveCfg = Release|x64
		{99B57CB4-1A2E-4412-AC5E-C93A18EC1A0A}.Release|x64.Build.0 = Release|x64
		{99B57CB4-1A2E-4412-AC5E-C93A18EC1A0A}.Release|x86.ActiveCfg = Release|Win32
		{99B57CB4-1A2E-4412-AC5E-C93A18EC1A0A}.Release|x86.Build.0 = Release|Win32
		{BB26D88E-E50C-463B-8E24-547C24845046}.Debug|x64.ActiveCfg = Debug|x64
		{BB26D88E-E50C-463B-8E24-547C24845046}.Debug|x64.Build.0 = Debug|x64
		{BB26D88E-E50C-463B-8E24-547C24845046}.Debug|x86.ActiveCfg = Debug|Win32
		{BB26D88E-E50C-463B-8E24-547C24845046}.Debug|x86.Build.0 = Debug|Win32
		{BB26D88E-E50C-463B-8E24-547C24845046}.Release|x64.ActiveCfg = Release|x64
		{BB26D88E-E50C-463B-8E24-547C24845046}.Release|x64.Build.0 = Release|x64
		{BB26D88E-E50C-463B-8E24-547C24845046}.Release|x86.ActiveCfg = Release|Win32
		{BB26D88E-E50C-463B-8E24-547C24845046}.Release|x86.Build.0 = Release|Win32
		{FC3AF02D-317A-4D3E-9F92-8576BE908D2E}.Debug|x64.ActiveCfg = Debug|x64
		{FC3AF02D-317A-4D3E-9F92-8576BE908D2E}.Debug|x64.Build.0 = Debug|x64
		{FC3AF02D-317A-4D3E-9F92-8576BE908D2E}.Debug|x86.ActiveCfg = Debug|Win32
		{FC3AF02D-317A-4D3E-9F92-8576BE908D2E}.Debug|x86.Build.0 = Debug|Win32
		{FC3AF02D-317A-4D3E-9F92-8576BE908D2E}.Release|x64.ActiveCfg = Release|x64
		{FC3AF02D-317A-4D3E-9F92-8576BE908D2E}.Release|x64.Build.0 = Release|x64
		{FC3AF02D-317A-4D3E-9F92-8576BE908D2E}.Release|x86.ActiveCfg = Release|Win32
		{FC3AF02D-317A-4D3E-9F92-8576BE908D2E}.Release|x86.Build.0 = Release|Win32
		{E12DA334-35CB-4D91-A710-9E56328EE441}.Debug|x64.ActiveCfg = Debug|x64
		{E12DA334-35CB-4D91-A710-9E56328EE441}.Debug|x64.Build.0 = Debug|x64
		{E12DA334-35CB-4D91-A710-9E56328EE441}.Debug|x86.ActiveCfg = Debug|Win32
		{E12DA334-35CB-4D91-A710-9E56328EE441}.Debug|x86.Build.0 = Debug|Win32
		{E12DA334-35CB-4D91-A710-9E56328EE441}.Release|x64.ActiveCfg = Release|x64
		{E12DA334-35CB-4D91-A710-9E56328EE441}.Release|x64.Build.0 = Release|x64
		{E12DA334-35CB-4D91-A710-9E56328EE441}.Release|x86.ActiveCfg = Release|Win32
		{E12DA334-35CB-4D91-A710-9E56328EE441}.Release|x86.Build.0 = Release|Win32
		{197AFAE1-A9DD-4881-B920-D084886CB62B}.Debug|x64.ActiveCfg = Debug|x64
		{197AFAE1-A9DD-4881-B920-D084886CB62B}.Debug|x64.Build.0 = Debug|x64
		{197AFAE1-A9DD-4881-B920-D084886CB62B}.Debug|x86.ActiveCfg = Debug|Win32
		{197AFAE1-A9DD-4881-B920-D084886CB62B}.Debug|x86.Build.0 = Debug|Win32
		{197AFAE1-A9DD-4881-B920-D084886CB62B}.Release|x64.ActiveCfg = Release|x64
		{197AFAE1-A9DD-4881-B920-D084886CB62B}.Release|x64.Build.0 = Release|x64
		{197AFAE1-A9DD-4881-B920-D084886CB62B}.Release|x86.ActiveCfg = Release|Win32
		{197AFAE1-A9DD-4881-B920-D084886CB62B}.Release|x86.Build.0 = Release|Win32
		{F0558E94-297E-4CC1-AD8E-35A9008DB65F}.Debug|x64.ActiveCfg = Debug|x64
		{F0558E94-297E-4CC1-AD8E-35A9008DB65F}.Debug|x64.Build.0 = Debug|x64
		{F0558E94-297E-4CC1-AD8E-35A9008DB65F}.Debug|x86.ActiveCfg = Debug|Win32
		{F0558E94-297E-4CC1-AD8E-35A9008DB65F}.Debug|x86.Build.0 = Debug|Win32
		{F0558E94-297E-4CC1-AD8E-35A9008DB65F}.Release|x64.ActiveCfg = Release|x64
		{F0558E94-297E-4CC1-AD8E-35A9008DB65F}.Release|x64.Build.0 = Release|x64
		{F0558E94-297E-4CC1-AD8E-35A9008DB65F}.Release|x86.ActiveCfg = Release|Win32
		{F0558E94-297E-4CC1-AD8E-35A9008DB65F}.Release|x86.Build.0 = Release|Win32
		{B1643144-B366-4F20-97CC-B2E051C6D882}.Debug|x64.ActiveCfg = Debug|x64
		{B1643144-B366-4F20-97CC-B2E051C6D882}.Debug|x64.Build.0 = Debug|x64
		{B1643144-B366-4F20-97CC-B2E051C6D882}.Debug|x86.ActiveCfg = Debug|Win32
		{B1643144-B366-4F20-97CC-B2E051C6D882}.Debug|x86.Build.0 = Debug|Win32
		{B1643144-B366-4F20-97CC-B2E051C6D882}.Release|x64.ActiveCfg = Release|x64
		{B1643144-B366-4F20-97CC-B2E051C6D882}.Release|x64.Build.0 = Release|x64
		{B1643144-B366-4F20-97CC-B2E051C6D882}.Release|x86.ActiveCfg = Release|Win32
		{B1643144-B366-4F20-97CC-B2E051C6D882}.Release|x86.Build.0 = Release|Win32
		{19E98E97-C218-4331-B2E6-63200592982D}.Debug|x64.ActiveCfg = Debug|x64
		{19E98E97-C218-4331-B2E6-63200592982D}.Debug|x64.Build.0 = Debug|x64
		{19E98E97-C218-4331-B2E6-63200592982D}.Debug|x86.ActiveCfg = Debug|Win32
		{19E98E97-C218-4331-B2E6-63200592982D}.Debug|x86.Build.0 = Debug|Win32
		{19E98E97-C218-4331-B2E6-63200592982D}.Release|x64.ActiveCfg = Release|x64
		{19E98E97-C218-4331-B2E6-63200592982D}.Release|x64.Build.0 = Release|x64
		{19E98E97-C218-4331-B2E6-63200592982D}.Release|x86.ActiveCfg = Release|Win32
		{19E98E97-C218-4331-B2E6-63200592982D}.Release|x86.Build.0 = Release|Win32
		{A79DC684-B618-4100-A4F8-A8B150AC9C65}.Debug|x64.ActiveCfg = Debug|x64
		{A79DC684-B618-4100-A4F8-A8B150AC9C65}.Debug|x64.Build.0 = Debug|x64
		{A79DC684-B618-4100-A4F8-A8B150AC9C65}.Debug|x86.ActiveCfg = Debug|Win32
		{A79DC684-B618-4100-A4F8-A8B150AC9C65}.Debug|x86.Build.0 = Debug|Win32
		{A79DC684-B618-4100-A4F8-A8B150AC9C65}.Release|x64.ActiveCfg = Release|x64
		{A79DC684-B618-4100-A4F8-A8B150AC9C65}.Release|x64.Build.0 = Release|x64
		{A79DC684-B618-4100-A4F8-A8B150AC9C65}.Release|x86.ActiveCfg = Release|Win32
		{A79DC684-B618-4100-A4F8-A8B150AC9C65}.Release|x86.Build.0 = Release|Win32
		{A6EADB97-ECF6-4829-8B43-265BEDF8FEB3}.Debug|x64.ActiveCfg = Debug|x64
		{A6EADB97-ECF6-4829-8B43-265BEDF8FEB3}.Debug|x64.Build.0 = Debug|x64
		{A6EADB97-ECF6-4829-8B43-265BEDF8FEB3}.Debug|x86.ActiveCfg = Debug|Win32
		{A6EADB97-ECF6-4829-8B43-265BEDF8FEB3}.Debug|x86.Build.0 = Debug|Win32
		{A6EADB97-ECF6-4829-8B43-265BEDF8FEB3}.Release|x64.ActiveCfg = Release|x64
		{A6EADB97-ECF6-4829-8B43-265BEDF8FEB3}.Release|x64.Build.0 = Release|x64
		{A6EADB97-ECF6-4829-8B43-265BEDF8FEB3}.Release|x86.ActiveCfg = Release|Win32
		{A6EADB97-ECF6-4829-8B43-265BEDF8FEB3}.Release|x86.Build.0 = Release|Win32
		{250A8FBD-7833-4810-A1EE-BA1342D3F436}.Debug|x64.ActiveCfg = Debug|x64
		{250A8FBD-7833-4810-A1EE-BA1342D3F436}.Debug|x64.Build.0 = Debug|x64
		{250A8FBD-7833-4810-A1EE-BA1342D3F436}.Debug|x86.ActiveCfg = Debug|Win32
		{250A8FBD-7833-4810-A1EE-BA1342D3F436}.Debug|x86.Build.0 = Debug|Win32
		{250A8FBD-7833-4810-A1EE-BA1342D3F436}.Release|x64.ActiveCfg = Release|x64
		{250A8FBD-7833-4810-A1EE-BA1342D3F436}.Release|x64.Build.0 = Release|x64
		{250A8FBD-7833-4810-A1EE-BA1342D3F436}.Release|x86.ActiveCfg = Release|Win32
		{250A8FBD-7833-4810-A1EE-BA1342D3F436}.Release|x86.Build.0 = Release|Win32
		{D0576127-5CFE-44D7-AB6A-7012576EE744}.Debug|x64.ActiveCfg = Debug|x64
		{D0576127-5CFE-44D7-AB6A-7012576EE744}.Debug|x64.Build.0 = Debug|x64
		{D0576127-5CFE-44D7-AB6A-7012576EE744}.Debug|x86.ActiveCfg = Debug|Win32
		{D0576127-5CFE-44D7-AB6A-7012576EE744}.Debug|x86.Build.0 = Debug|Win32
		{D0576127-5CFE-44D7-AB6A-7012576EE744}.Release|x64.ActiveCfg = Release|x64
		{D0576127-5CFE-44D7-AB6A-7012576EE744}.Release|x64.Build.0 = Release|x64
		{D0576127-5CFE-44D7-AB6A-7012576EE744}.Release|x86.ActiveCfg = Release|Win32
		{D0576127-5CFE-44D7-AB6A-7012576EE744}.Release|x86.Build.0 = Release|Win32
		{EA856A53-A3E5-43FE-8415-0E56E199D461}.Debug|x64.ActiveCfg = Debug|x64
		{EA856A53-A3E5-43FE-8415-0E56E199D461}.Debug|x64.Build.0 = Debug|x64
		{EA856A53-A3E5-43FE-8415-0E56E199D461}.Debug|x86.ActiveCfg = Debug|Win32
		{EA856A53-A3E5-43FE-8415-0E56E199D461}.Debug|x86.Build.0 = Debug|Win32
		{EA856A53-A3E5-43FE-8415-0E56E199D461}.Release|x64.ActiveCfg = Release|x64
		{EA856A53-A3E5-43FE-8415-0E56E199D461}.Release|x64.Build.0 = Release|x64
		{EA856A53-A3E5-43FE-8415-0E56E199D461}.Release|x86.ActiveCfg = Release|Win32
		{EA856A53-A3E5-43FE-8415-0E56E199D461}.Release|x86.Build.0 = Release|Win32
		{08E74C63-18A4-4755-A27E-49C10BBFE4B6}.Debug|x64.ActiveCfg = Debug|x64
		{08E74C63-18A4-4755-A27E-49C10BBFE4B6}.Debug|x64.Build.0 = Debug|x64
		{08E74C63-18A4-4755-A27E-49C10BBFE4B6}.Debug|x86.ActiveCfg = Debug|Win32
		{08E74C63-18A4-4755-A27E-49C10BBFE4B6}.Debug|x86.Build.0 = Debug|Win32
		{08E74C63-18A4-4755-A27E-49C10BBFE4B6}.Release|x64.ActiveCfg = Release|x64
		{08E74C63-18A4-4755-A27E-49C10BBFE4B6}.Release|x64.Build.0 = Release|x64
		{08E74C63-18A4-4755-A27E-49C10BBFE4B6}.Release|x86.ActiveCfg = Release|Win32
		{08E74C63-18A4-4755-A27E-49C10BBFE4B6}.Release|x86.Build.0 = Release|Win32
		{DDB4179C-DF95-4B92-A253-429052FCB25B}.Debug|x64.ActiveCfg = Debug|x64
		{DDB4179C-DF95-4B92-A253-429052FCB25B}.Debug|x64.Build.0 = Debug|x64
		{DDB4179C-DF95-4B92-A253-429052FCB25B}.Debug|x86.ActiveCfg = Debug|Win32
		{DDB4179C-DF95-4B92-A253-429052FCB25B}.Debug|x86.Build.0 = Debug|Win32
		{DDB4179C-DF95-4B92-A253-429052FCB25B}.Release|x64.ActiveCfg = Release|x64
		{DDB4179C-DF95-4B92-A253-429052FCB25B}.Release|x64.Build.0 = Release|x64
		{DDB4179C-DF95-4B92-A253-429052FCB25B}.Release|x86.ActiveCfg = Release|Win32
		{DDB4179C-DF95-4B92-A253-429052FCB25B}.Release|x86.Build.0 = Release|Win32
		{02CB34C7-6E8C-4284-B55C-0D72056ED12B}.Debug|x64.ActiveCfg = Debug|x64
		{02CB34C7-6E8C-4284-B55C-0D72056ED12B}.Debug|x64.Build.0 = Debug|x64
		{02CB34C7-6E8C-4284-B55C-0D72056ED12B}.Debug|x86.ActiveCfg = Debug|Win32
		{02CB34C7-6E8C-4284-B55C-0D72056ED12B}.Debug|x86.Build.0 = Debug|Win32
		{02CB34C7-6E8C-4284-B55C-0D72056ED12B}.Release|x64.ActiveCfg = Release|x64
		{02CB34C7-6E8C-4284-B55C-0D72056ED12B}.Release|x64.Build.0 = Release|x64
		{02CB34C7-6E8C-4284-B55C-0D72056ED12B}.Release|x86.ActiveCfg = Release|Win32
		{02CB34C7-6E8C-4284-B55C-0D72056ED12B}.Release|x86.Build.0 = Release|Win32
		{7A4A0586-148A-4A30-8509-FCD3A13B27D5}.Debug|x64.ActiveCfg = Debug|x64
		{7A4A0586-148A-4A30-8509-FCD3A13B27D5}.Debug|x64.Build.0 = Debug|x64
		{7A4A0586-148A-4A30-8509-FCD3A13B27D5}.Debug|x86.ActiveCfg = Debug|Win32
		{7A4A0586-148A-4A30-8509-FCD3A13B27D5}.Debug|x86.Build.0 = Debug|Win32
		{7A4A0586-148A-4A30-8509-FCD3A13B27D5}.Release|x64.ActiveCfg = Release|x64
		{7A4A0586-148A-4A30-8509-FCD3A13B27D5}.Release|x64.Build.0 = Release|x64
		{7A4A0586-148A-4A30-8509-FCD3A13B27D5}.Release|x86.ActiveCfg = Release|Win32
		{7A4A0586-148A-4A30-8509-FCD3A13B27D5}.Release|x86.Build.0 = Release|Win32
		{CCE0D099-C54E-4247-B123-159B044A6E16}.Debug|x64.ActiveCfg = Debug|x64
		{CCE0D099-C54E-4247-B123-159B044A6E16}.Debug|x64.Build.0 = Debug|x64
		{CCE0D099-C54E-4247-B123-159B044A6E16}.Debug|x86.ActiveCfg = Debug|Win32
		{CCE0D099-C54E-4247-B123-159B044A6E16}.Debug|x86.Build.0 = Debug|Win32
		{CCE0D099-C54E-4247-B123-159B044A6E16}.Release|x64.ActiveCfg = Release|x64
		{CCE0D099-C54E-4247-B123-159B044A6E16}.Release|x64.Build.0 = Release|x64
		{CCE0D099-C54E-4247-B123-159B044A6E16}.Release|x86.ActiveCfg = Release|Win32
		{CCE0D099-C54E-4247-B123-159B044A6E16}.Release|x86.Build.0 = Release|Win32
		{2D843A51-7F2D-40A4-B492-BA8E251F62E8}.Debug|x64.ActiveCfg = Debug|x64
		{2D843A51-7F2D-40A4-B492-BA8E251F62E8}.Debug|x64.Build.0 = Debug|x64
		{2D843A51-7F2D-40A4-B492-BA8E251F62E8}.Debug|x86.ActiveCfg = Debug|Win32
		{2D843A51-7F2D-40A4-B492-BA8E251F62E8}.Debug|x86.Build.0 = Debug|Win32
		{2D843A51-7F2D-40A4-B492-BA8E251F62E8}.Release|x64.ActiveCfg = Release|x64
		{2D843A51-7F2D-40A4-B492-BA8E251F62E8}.Release|x64.Build.0 = Release|x64
		{2D843A51-7F2D-40A4-B492-BA8E251F62E8}.Release|x86.ActiveCfg = Release|Win32
		{2D843A51-7F2D-40A4-B492-BA8E251F62E8}.Release|x86.Build.0 = Release|Win32
		{9A3F21F0-8AAD-44CB-9029-E43E583B15F1}.Debug|x64.ActiveCfg = Debug|x64
		{9A3F21F0-8AAD-44CB-9029-E43E583B15F1}.Debug|x64.Build.0 = Debug|x64
		{9A3F21F0-8AAD-44CB-9029-E43E583B15F1}.Debug|x86.ActiveCfg = Debug|Win32
		{9A3F21F0-8AAD-44CB-9029-E43E583B15F1}.Debug|x86.Build.0 = Debug|Win32
		{9A3F21F0-8AAD-44CB-9029-E43E583B15F1}.Release|x64.ActiveCfg = Release|x64
		{9A3F21F0-8AAD-44CB-9029-E43E583B15F1}.Release|x64.Build.0 = Release|x64
		{9A3F21F0-8AAD-44CB-9029-E43E583B15F1}.Release|x86.ActiveCfg = Release|Win32
		{9A3F21F0-8AAD-44CB-9029-E43E583B15F1}.Release|x86.Build.0 = Release|Win32
		{62A62D0D-1756-4ED5-86BE-5C5A5FC3BB80}.Debug|x64.ActiveCfg = Debug|x64
		{62A62D0D-1756-4ED5-86BE-5C5A5FC3BB80}.Debug|x64.Build.0 = Debug|x64
		{62A62D0D-1756-4ED5-86BE-5C5A5FC3BB80}.Debug|x86.ActiveCfg = Debug|Win32
		{62A62D0D-1756-4ED5-86BE-5C5A5FC3BB80}.Debug|x86.Build.0 = Debug|Win32
		{62A62D0D-1756-4ED5-86BE-5C5A5FC3BB80}.Release|x64.ActiveCfg = Release|x64
		{62A62D0D-1756-4ED5-86BE-5C5A5FC3BB80}.Release|x64.Build.0 = Release|x64
		{62A62D0D-1756-4ED5-86BE-5C5A5FC3BB80}.Release|x86.ActiveCfg = Release|Win32
		{62A62D0D-1756-4ED5-86BE-5C5A5FC3BB80}.Release|x86.Build.0 = Release|Win32
		{D76CDBBD-DB3C-47B1-A5DB-38F0C80D8280}.Debug|x64.ActiveCfg = Debug|x64
		{D76CDBBD-DB3C-47B1-A5DB-38F0C80D8280}.Debug|x64.Build.0 = Debug|x64
		{D76CDBBD-DB3C-47B1-A5DB-38F0C80D8280}.Debug|x86.ActiveCfg = Debug|Win32
		{D76CDBBD-DB3C-47B1-A5DB-38F0C80D8280}.Debug|x86.Build.0 = Debug|Win32
		{D76CDBBD-DB3C-47B1-A5DB-38F0C80D8280}.Release|x64.ActiveCfg = Release|x64
		{D76CDBBD-DB3C-47B1-A5DB-38F0C80D8280}.Release|x64.Build.0 = Release|x64
		{D76CDBBD-DB3C-47B1-A5DB-38F0C80D8280}.Release|x86.ActiveCfg = Release|Win32
		{D76CDBBD-DB3C-47B1-A5DB-38F0C80D8280}.Release|x86.Build.0 = Release|Win32
		{B15AC00E-828F-47B7-8870-C0106BA0716E}.Debug|x64.ActiveCfg = Debug|x64
		{B15AC00E-828F-47B7-8870-C0106BA0716E}.Debug|x64.Build.0 = Debug|x64
		{B15AC00E-828F-47B7-8870-C0106BA0716E}.Debug|x86.ActiveCfg = Debug|Win32
		{B15AC00E-828F-47B7-8870-C0106BA0716E}.Debug|x86.Build.0 = Debug|Win32
		{B15AC00E-828F-47B7-8870-C0106BA0716E}.Release|x64.ActiveCfg = Release|x64
		{B15AC00E-828F-47B7-8870-C0106BA0716E}.Release|x64.Build.0 = Release|x64
		{B15AC00E-828F-47B7-8870-C0106BA0716E}.Release|x86.ActiveCfg = Release|Win32
		{B15AC00E-828F-47B7-8870-C0106BA0716E}.Release|x86.Build.0 = Release|Win32
		{EE0E1FE8-10AF-49FA-A262-43D64C09C74F}.Debug|x64.ActiveCfg = Debug|x64
		{EE0E1FE8-10AF-49FA-A262-43D64C09C74F}.Debug|x64.Build.0 = Debug|x64
		{EE0E1FE8-10AF-49FA-A262-43D64C09C74F}.Debug|x86.ActiveCfg = Debug|Win32
		{EE0E1FE8-10AF-49FA-A262-43D64C09C74F}.Debug|x86.Build.0 = Debug|Win32
		{EE0E1FE8-10AF-49FA-A262-43D64C09C74F}.Release|x64.ActiveCfg = Release|x64
		{EE0E1FE8-10AF-49FA-A262-43D64C09C74F}.Release|x64.Build.0 = Release|x64
		{EE0E1FE8-10AF-49FA-A262-43D64C09C74F}.Release|x86.ActiveCfg = Release|Win32
		{EE0E1FE8-10AF-49FA-A262-43D64C09C74F}.Release|x86.Build.0 = Release|Win32
		{D1384481-03E0-4D9D-9094-44366BE16085}.Debug|x64.ActiveCfg = Debug|x64
		{D1384481-03E0-4D9D-9094-44366BE16085}.Debug|x64.Build.0 = Debug|x64
		{D1384481-03E0-4D9D-9094-44366BE16085}.Debug|x86.ActiveCfg = Debug|Win32
		{D1384481-03E0-4D9D-9094-44366BE16085}.Debug|x86.Build.0 = Debug|Win32
		{D1384481-03E0-4D9D-9094-44366BE16085}.Release|x64.ActiveCfg = Release|x64
		{D1384481-03E0-4D9D-9094-44366BE16085}.Release|x64.Build.0 = Release|x64
		{D1384481-03E0-4D9D-9094-44366BE16085}.Release|x86.ActiveCfg = Release|Win32
		{D1384481-03E0-4D9D-9094-44366BE16085}.Release|x86.Build.0 = Release|Win32
		{9E29807F-3EF9-4934-BAC2-5E4CB7E58E39}.Debug|x64.ActiveCfg = Debug|x64
		{9E29807F-3EF9-4934-BAC2-5E4CB7E58E39}.Debug|x64.Build.0 = Debug|x64
		{9E29807F-3EF9-4934-BAC2-5E4CB7E58E39}.Debug|x86.ActiveCfg = Debug|Win32
		{9E29807F-3EF9-4934-BAC2-5E4CB7E58E39}.Debug|x86.Build.0 = Debug|Win32
		{9E29807F-3EF9-4934-BAC2-5E4CB7E58E39}.Release|x64.ActiveCfg = Release|x64
		{9E29807F-3EF9-4934-BAC2-5E4CB7E58E39}.Release|x64.Build.0 = Release|x64
		{9E29807F-3EF9-4934-BAC2-5E4CB7E58E39}.Release|x86.ActiveCfg = Release|Win32
		{9E29807F-3EF9-4934-BAC2-5E4CB7E58E39}.Release|x86.Build.0 = Release|Win32
		{154AC370-6E19-4D41-ADC7-5E8670B4D348}.Debug|x64.ActiveCfg = Debug|x64
		{154AC370-6E19-4D41-ADC7-5E8670B4D348}.Debug|x64.Build.0 = Debug|x64
		{154AC370-6E19-4D41-ADC7-5E8670B4D348}.Debug|x86.ActiveCfg = Debug|Win32
		{154AC370-6E19-4D41-ADC7-5E8670B4D348}.Debug|x86.Build.0 = Debug|Win32
		{154AC370-6E19-4D41-ADC7-5E8670B4D348}.Release|x64.ActiveCfg = Release|x64
		{154AC370-6E19-4D41-ADC7-5E8670B4D348}.Release|x64.Build.0 = Release|x64
		{154AC370-6E19-4D41-ADC7-5E8670B4D348}.Release|x86.ActiveCfg = Release|Win32
		{154AC370-6E19-4D41-ADC7-5E8670B4D348}.Release|x86.Build.0 = Release|Win32
		{E923BEF0-6AB6-489C-BEFF-5AEDCCB0C334}.Debug|x64.ActiveCfg = Debug|x64
		{E923BEF0-6AB6-489C-BEFF-5AEDCCB0C334}.Debug|x64.Build.0 = Debug|x64
		{E923BEF0-6AB6-489C-BEFF-5AEDCCB0C334}.Debug|x86.ActiveCfg = Debug|Win32
		{E923BEF0-6AB6-489C-BEFF-5AEDCCB0C334}.Debug|x86.Build.0 = Debug|Win32
		{E923BEF0-6AB6-489C-BEFF-5AEDCCB0C334}.Release|x64.ActiveCfg = Release|x64
		{E923BEF0-6AB6-489C-BEFF-5AEDCCB0C334}.Release|x64.Build.0 = Release|x64
		{E923BEF0-6AB6-489C-BEFF-5AEDCCB0C334}.Release|x86.ActiveCfg = Release|Win32
		{E923BEF0-6AB6-489C-BEFF-5AEDCCB0C334}.Release|x86.Build.0 = Release|Win32
		{AD5A6CF8-A456-4D7D-9E4C-E10A01E81C1A}.Debug|x64.ActiveCfg = Debug|x64
		{AD5A6CF8-A456-4D7D-9E4C-E10A01E81C1A}.Debug|x64.Build.0 = Debug|x64
		{AD5A6CF8-A456-4D7D-9E4C-E10A01E81C1A}.Debug|x86.ActiveCfg = Debug|Win32
		{AD5A6CF8-A456-4D7D-9E4C-E10A01E81C1A}.Debug|x86.Build.0 = Debug|Win32
		{AD5A6CF8-A456-4D7D-9E4C-E10A01E81C1A}.Release|x64.ActiveCfg = Release|x64
		{AD5A6CF8-A456-4D7D-9E4C-E10A01E81C1A}.Release|x64.Build.0 = Release|x64
		{AD5A6CF8-A456-4D7D-9E4C-E10A01E81C1A}.Release|x86.ActiveCfg = Release|Win32
		{AD5A6CF8-A456-4D7D-9E4C-E10A01E81C1A}.Release|x86.Build.0 = Release|Win32
		{0A5CD9D0-5E06-430A-B2E7-3D6D5BAEECC3}.Debug|x64.ActiveCfg = Debug|x64
		{0A5CD9D0-5E06-430A-B2E7-3D6D5BAEECC3}.Debug|x64.Build.0 = Debug|x64
		{0A5CD9D0-5E06-430A-B2E7-3D6D5BAEECC3}.Debug|x86.ActiveCfg = Debug|Win32
		{0A5CD9D0-5E06-430A-B2E7-3D6D5BAEECC3}.Debug|x86.Build.0 = Debug|Win32
		{0A5CD9D0-5E06-430A-B2E7-3D6D5BAEECC3}.Release|x64.ActiveCfg = Release|x64
		{0A5CD9D0-5E06-430A-B2E7-3D6D5BAEECC3}.Release|x64.Build.0 = Release|x64
		{0A5CD9D0-5E06-430A-B2E7-3D6D5BAEECC3}.Release|x86.ActiveCfg = Release|Win32
		{0A5CD9D0-5E06-430A-B2E7-3D6D5BAEECC3}.Release|x86.Build.0 = Release|Win32
		{2CB48D3A-31A8-4732-B541-F6F553C64646}.Debug|x64.ActiveCfg = Debug|x64
		{2CB48D3A-31A8-4732-B541-F6F553C64646}.Debug|x64.Build.0 = Debug|x64
		{2CB48D3A-31A8-4732-B541-F6F553C64646}.Debug|x86.ActiveCfg = Debug|Win32
		{2CB48D3A-31A8-4732-B541-F6F553C64646}.Debug|x86.Build.0 = Debug|Win32
		{2CB48D3A-31A8-4732-B541-F6F553C64646}.Release|x64.ActiveCfg = Release|x64
		{2CB48D3A-31A8-4732-B541-F6F553C64646}.Release|x64.Build.0 = Release|x64
		{2CB48D3A-31A8-4732-B541-F6F553C64646}.Release|x86.ActiveCfg = Release|Win32
		{2CB48D3A-31A8-4732-B541-F6F553C64646}.Release|x86.Build.0 = Release|Win32
		{6BD7F541-1A8E-4379-A509-11C99B286CB0}.Debug|x64.ActiveCfg = Debug|x64
		{6BD7F541-1A8E-4379-A509-11C99B286CB0}.Debug|x64.Build.0 = Debug|x64
		{6BD7F541-1A8E-4379-A509-11C99B286CB0}.Debug|x86.ActiveCfg = Debug|Win32
		{6BD7F541-1A8E-4379-A509-11C99B286CB0}.Debug|x86.Build.0 = Debug|Win32
		{6BD7F541-1A8E-4379-A509-11C99B286CB0}.Release|x64.ActiveCfg = Release|x64
		{6BD7F541-1A8E-4379-A509-11C99B286CB0}.Release|x64.Build.0 = Release|x64
		{6BD7F541-1A8E-4379-A509-11C99B286CB0}.Release|x86.ActiveCfg = Release|Win32
		{6BD7F541-1A8E-4379-A509-11C99B286CB0}.Release|x86.Build.0 = Release|Win32
		{7E66891A-06FC-4B26-AC08-F8465B63A9BC}.Debug|x64.ActiveCfg = Debug|x64
		{7E66891A-06FC-4B26-AC08-F8465B63A9BC}.Debug|x64.Build.0 = Debug|x64
		{7E66891A-06FC-4B26-AC08-F8465B63A9BC}.Debug|x86.ActiveCfg = Debug|Win32
		{7E66891A-06FC-4B26-AC08-F8465B63A9BC}.Debug|x86.Build.0 = Debug|Win32
		{7E66891A-06FC-4B26-AC08-F8465B63A9BC}.Release|x64.ActiveCfg = Release|x64
		{7E66891A-06FC-4B26-AC08-F8465B63A9BC}.Release|x64.Build.0 = Release|x64
		{7E66891A-06FC-4B26-AC08-F8465B63A9BC}.Release|x86.ActiveCfg = Release|Win32
		{7E66891A-06FC-4B26-AC08-F8465B63A9BC}.Release|x86.Build.0 = Release|Win32
		{4EF04071-C75C-41C0-B810-E6B3CB9DC975}.Debug|x64.ActiveCfg = Debug|x64
		{4EF04071-C75C-41C0-B810-E6B3CB9DC975}.Debug|x64.Build.0 = Debug|x64
		{4EF04071-C75C-41C0-B810-E6B3CB9DC975}.Debug|x86.ActiveCfg = Debug|Win32
		{4EF04071-C75C-41C0-B810-E6B3CB9DC975}.Debug|x86.Build.0 = Debug|Win32
		{4EF04071-C75C-41C0-B810-E6B3CB9DC975}.Release|x64.ActiveCfg = Release|x64
		{4EF04071-C75C-41C0-B810-E6B3CB9DC975}.Release|x64.Build.0 = Release|x64
		{4EF04071-C75C-41C0-B810-E6B3CB9DC975}.Release|x86.ActiveCfg = Release|Win32
		{4EF04071-C75C-41C0-B810-E6B3CB9DC975}.Release|x86.Build.0 = Release|Win32
		{0B9293E7-7072-481F-B6A2-C0D121FAF50A}.Debug|x64.ActiveCfg = Debug|x64
		{0B9293E7-7072-481F-B6A2-C0D121FAF50A}.Debug|x64.Build.0 = Debug|x64
		{0B9293E7-7072-481F-B6A2-C0D121FAF50A}.Debug|x86.ActiveCfg = Debug|Win32
		{0B9293E7-7072-481F-B6A2-C0D121FAF50A}.Debug|x86.Build.0 = Debug|Win32
		{0B9293E7-7072-481F-B6A2-C0D121FAF50A}.Release|x64.ActiveCfg = Release|x64
		{0B9293E7-7072-481F-B6A2-C0D121FAF50A}.Release|x64.Build.0 = Release|x64
		{0B9293E7-7072-481F-B6A2-C0D121FAF50A}.Release|x86.ActiveCfg = Release|Win32
		{0B9293E7-7072-481F-B6A2-C0D121FAF50A}.Release|x86.Build.0 = Release|Win32
		{11CD810E-C437-45C1-95E8-439B9EA7D5DA}.Debug|x64.ActiveCfg = Debug|x64
		{11CD810E-C437-45C1-95E8-439B9EA7D5DA}.Debug|x64.Build.0 = Debug|x64
		{11CD810E-C437-45C1-95E8-439B9EA7D5DA}.Debug|x86.ActiveCfg = Debug|Win32
		{11CD810E-C437-45C1-95E8-439B9EA7D5DA}.Debug|x86.Build.0 = Debug|Win32
		{11CD810E-C437-45C1-95E8-439B9EA7D5DA}.Release|x64.ActiveCfg = Release|x64
		{11CD810E-C437-45C1-95E8-439B9EA7D5DA}.Release|x64.Build.0 = Release|x64
		{11CD810E-C437-45C1-95E8-439B9EA7D5DA}.Release|x86.ActiveCfg = Release|Win32
		{11CD810E-C437-45C1-95E8-439B9EA7D5DA}.Release|x86.Build.0 = Release|Win32
		{FB7F9788-2AC8-463B-A90A-3A0FF49907E3}.Debug|x64.ActiveCfg = Debug|x64
		{FB7F9788-2AC8-463B-A90A-3A0FF49907E3}.Debug|x64.Build.0 = Debug|x64
		{FB7F9788-2AC8-463B-A90A-3A0FF49907E3}.Debug|x86.ActiveCfg = Debug|Win32
		{FB7F9788-2AC8-463B-A90A-3A0FF49907E3}.Debug|x86.Build.0 = Debug|Win32
		{FB7F9788-2AC8-463B-A90A-3A0FF49907E3}.Release|x64.ActiveCfg = Release|x64
		{FB7F9788-2AC8-463B-A90A-3A0FF49907E3}.Release|x64.Build.0 = Release|x64
		{FB7F9788-2AC8-463B-A90A-3A0FF49907E3}.Release|x86.ActiveCfg = Release|Win32
		{FB7F9788-2AC8-463B-A90A-3A0FF49907E3}.Release|x86.Build.0 = Release|Win32
		{3370FDC5-6EB2-4206-84BF-F7B5D5E81626}.Debug|x64.ActiveCfg = Debug|x64
		{3370FDC5-6EB2-4206-84BF-F7B5D5E81626}.Debug|x64.Build.0 = Debug|x64
		{3370FDC5-6EB2-4206-84BF-F7B5D5E81626}.Debug|x86.ActiveCfg = Debug|Win32
		{3370FDC5-6EB2-4206-84BF-F7B5D5E81626}.Debug|x86.Build.0 = Debug|Win32
		{3370FDC5-6EB2-4206-84BF-F7B5D5E81626}.Release|x64.ActiveCfg = Release|x64
		{3370FDC5-6EB2-4206-84BF-F7B5D5E81626}.Release|x64.Build.0 = Release|x64
		{3370FDC5-6EB2-4206-84BF-F7B5D5E81626}.Release|x86.ActiveCfg = Release|Win32
		{3370FDC5-6EB2-4206-84BF-F7B5D5E81626}.Release|x86.Build.0 = Release|Win32
		{86F02751-418C-47E9-AF5E-F5A446CAD55C}.Debug|x64.ActiveCfg = Debug|x64
		{86F02751-418C-47E9-AF5E-F5A446CAD55C}.Debug|x64.Build.0 = Debug|x64
		{86F02751-418C-47E9-AF5E-F5A446CAD55C}.Debug|x86.ActiveCfg = Debug|Win32
		{86F02751-418C-47E9-AF5E-F5A446CAD55C}.Debug|x86.Build.0 = Debug|Win32
		{86F02751-418C-47E9-AF5E-F5A446CAD55C}.Release|x64.ActiveCfg = Release|x64
		{86F02751-418C-47E9-AF5E-F5A446CAD55C}.Release|x64.Build.0 = Release|x64
		{86F02751-418C-47E9-AF5E-F5A446CAD55C}.Release|x86.ActiveCfg = Release|Win32
		{86F02751-418C-47E9-AF5E-F5A446CAD55C}.Release|x86.Build.0 = Release|Win32
		{07365B5D-5615-48B6-A7C6-43B49DD9B5E6}.Debug|x64.ActiveCfg = Debug|x64
		{07365B5D-5615-48B6-A7C6-43B49DD9B5E6}.Debug|x64.Build.0 = Debug|x64
		{07365B5D-5615-48B6-A7C6-43B49DD9B5E6}.Debug|x86.ActiveCfg = Debug|Win32
		{07365B5D-5615-48B6-A7C6-43B49DD9B5E6}.Debug|x86.Build.0 = Debug|Win32
		{07365B5D-5615-48B6-A7C6-43B49DD9B5E6}.Release|x64.ActiveCfg = Release|x64
		{07365B5D-5615-48B6-A7C6-43B49DD9B5E6}.Release|x64.Build.0 = Release|x64
		{07365B5D-5615-48B6-A7C6-43B49DD9B5E6}.Release|x86.ActiveCfg = Release|Win32
		{07365B5D-5615-48B6-A7C6-43B49DD9B5E6}.Release|x86.Build.0 = Release|Win32
		{F0BB8762-2257-4FA6-AD99-A770CB465695}.Debug|x64.ActiveCfg = Debug|x64
		{F0BB8762-2257-4FA6-AD99-A770CB465695}.Debug|x64.Build.0 = Debug|x64
		{F0BB8762-2257-4FA6-AD99-A770CB465695}.Debug|x86.ActiveCfg = Debug|Win32
		{F0BB8762-2257-4FA6-AD99-A770CB465695}.Debug|x86.Build.0 = Debug|Win32
		{F0BB8762-2257-4FA6-AD99-A770CB465695}.Release|x64.ActiveCfg = Release|x64
		{F0BB8762-2257-4FA6-AD99-A770CB465695}.Release|x64.Build.0 = Release|x64
		{F0BB8762-2257-4FA6-AD99-A770CB465695}.Release|x86.ActiveCfg = Release|Win32
		{F0BB8762-2257-4FA6-AD99-A770CB465695}.Release|x86.Build.0 = Release|Win32
		{71139621-507F-4A53-9F13-69F7B1904FD8}.Debug|x64.ActiveCfg = Debug|x64
		{71139621-507F-4A53-9F13-69F7B1904FD8}.Debug|x64.Build.0 = Debug|x64
		{71139621-507F-4A53-9F13-69F7B1904FD8}.Debug|x86.ActiveCfg = Debug|Win32
		{71139621-507F-4A53-9F13-69F7B1904FD8}.Debug|x86.Build.0 = Debug|Win32
		{71139621-507F-4A53-9F13-69F7B1904FD8}.Release|x64.ActiveCfg = Release|x64
		{71139621-507F-4A53-9F13-69F7B1904FD8}.Release|x64.Build.0 = Release|x64
		{71139621-507F-4A53-9F13-69F7B1904FD8}.Release|x86.ActiveCfg = Release|Win32
		{71139621-507F-4A53-9F13-69F7B1904FD8}.Release|x86.Build.0 = Release|Win32
		{CB3DC0E4-2739-474F-9FE6-B5C3EFC2A294}.Debug|x64.ActiveCfg = Debug|x64
		{CB3DC0E4-2739-474F-9FE6-B5C3EFC2A294}.Debug|x64.Build.0 = Debug|x64
		{CB3DC0E4-2739-474F-9FE6-B5C3EFC2A294}.Debug|x86.ActiveCfg = Debug|Win32
		{CB3DC0E4-2739-474F-9FE6-B5C3EFC2A294}.Debug|x86.Build.0 = Debug|Win32
		{CB3DC0E4-2739-474F-9FE6-B5C3EFC2A294}.Release|x64.ActiveCfg = Release|x64
		{CB3DC0E4-2739-474F-9FE6-B5C3EFC2A294}.Release|x64.Build.0 = Release|x64
		{CB3DC0E4-2739-474F-9FE6-B5C3EFC2A294}.Release|x86.ActiveCfg = Release|Win32
		{CB3DC0E4-2739-474F-9FE6-B5C3EFC2A294}.Release|x86.Build.0 = Release|Win32
		{27E8161D-F40F-4E52-8DB6-C3430072CFA1}.Debug|x64.ActiveCfg = Debug|x64
		{27E8161D-F40F-4E52-8DB6-C3430072CFA1}.Debug|x64.Build.0 = Debug|x64
		{27E8161D-F40F-4E52-8DB6-C3430072CFA1}.Debug|x86.ActiveCfg = Debug|Win32
		{27E8161D-F40F-4E52-8DB6-C3430072CFA1}.Debug|x86.Build.0 = Debug|Win32
		{27E8161D-F40F-4E52-8DB6-C3430072CFA1}.Release|x64.ActiveCfg = Release|x64
		{27E8161D-F40F-4E52-8DB6-C3430072CFA1}.Release|x64.Build.0 = Release|x64
		{27E8161D-F40F-4E52-8DB6-C3430072CFA1}.Release|x86.ActiveCfg = Release|Win32
		{27E8161D-F40F-4E52-8DB6-C3430072CFA1}.Release|x86.Build.0 = Release|Win32
		{43281F62-FDDC-4DE7-8234-79964DECCFB7}.Debug|x64.ActiveCfg = Debug|x64
		{43281F62-FDDC-4DE7-8234-79964DECCFB7}.Debug|x64.Build.0 = Debug|x64
		{43281F62-FDDC-4DE7-8234-79964DECCFB7}.Debug|x86.ActiveCfg = Debug|Win32
		{43281F62-FDDC-4DE7-8234-79964DECCFB7}.Debug|x86.Build.0 = Debug|Win32
		{43281F62-FDDC-4DE7-8234-79964DECCFB7}.Release|x64.ActiveCfg = Release|x64
		{43281F62-FDDC-4DE7-8234-79964DECCFB7}.Release|x64.Build.0 = Release|x64
		{43281F62-FDDC-4DE7-8234-79964DECCFB7}.Release|x86.ActiveCfg = Release|Win32
		{43281F62-FDDC-4DE7-8234-79964DECCFB7}.Release|x86.Build.0 = Release|Win32
	EndGlobalSection
	GlobalSection(SolutionProperties) = preSolution
		HideSolutionNode = FALSE
	EndGlobalSection
	GlobalSection(NestedProjects) = preSolution
		{54ABB186-A189-40CD-B7F6-1079934B9272} = {5D768617-5A96-431A-BFF5-2ED4FBE4B1A4}
		{ED16F1AD-8510-4E23-9205-E980A98C46B7} = {13B50CA7-ED80-453D-950E-81BC506B3A1B}
		{61D5EF28-53A3-42B0-BC58-341A51ED724F} = {EA6F1BB3-3891-4E43-A7F7-AF500FE9F1FE}
		{6183E57E-4C0B-4D48-9FC6-92EC900ECB90} = {EA6F1BB3-3891-4E43-A7F7-AF500FE9F1FE}
		{2045DCB0-2187-4228-ABC5-CF773A507C92} = {EA6F1BB3-3891-4E43-A7F7-AF500FE9F1FE}
		{E8CDD868-FF91-4975-972E-874ECA32923F} = {EA6F1BB3-3891-4E43-A7F7-AF500FE9F1FE}
		{6424E8F7-A541-4E2C-BA9F-445E6B1821C0} = {EA6F1BB3-3891-4E43-A7F7-AF500FE9F1FE}
		{847B2E0E-6495-46B9-9E86-EE38CF8B1AA3} = {EA6F1BB3-3891-4E43-A7F7-AF500FE9F1FE}
		{0F91CC7E-70CF-4EF9-A075-4AAB44B4C4F4} = {EA6F1BB3-3891-4E43-A7F7-AF500FE9F1FE}
		{898952C3-32DE-4B89-99B4-01409854DD5E} = {EA6F1BB3-3891-4E43-A7F7-AF500FE9F1FE}
		{9C87C72B-0754-4848-9E1D-6048A4FC4490} = {EA6F1BB3-3891-4E43-A7F7-AF500FE9F1FE}
		{C45FE22B-2B42-45DA-9D4A-7534977474DA} = {13B50CA7-ED80-453D-950E-81BC506B3A1B}
		{1E4440EC-67D9-4769-AF35-1F7CA2807C0E} = {13B50CA7-ED80-453D-950E-81BC506B3A1B}
		{D682F1FC-1706-4958-8A43-FCD54EA4AAE8} = {F1E56E67-0EBE-4B77-9710-37B1CF772542}
		{A804C484-8D07-40F2-B7AC-FD29F0648EA8} = {F1E56E67-0EBE-4B77-9710-37B1CF772542}
		{EE6C916C-4657-45C6-A56C-0CEFF7E2F9A0} = {A2EB6BC3-360D-4925-82E7-2BDAED7BFB55}
		{D883C7F5-15DD-4A80-BE6C-A8FED5F16EED} = {A2EB6BC3-360D-4925-82E7-2BDAED7BFB55}
		{8BC8E4CB-A3E1-42AA-AC04-4CAA92B475AF} = {A2EB6BC3-360D-4925-82E7-2BDAED7BFB55}
		{4A901FF5-91AC-4DF9-BDFC-9C202F992033} = {A2EB6BC3-360D-4925-82E7-2BDAED7BFB55}
		{6649E014-842E-46FE-8D88-BB20AACAB7A5} = {13B50CA7-ED80-453D-950E-81BC506B3A1B}
		{C2371AA8-28BB-4B58-9099-70C30A9B5EA8} = {092A2BB4-73B2-4238-9401-A5CD07CCFCB4}
		{49FED68E-FC5F-4CE6-8EC5-9E8B98DD75A1} = {092A2BB4-73B2-4238-9401-A5CD07CCFCB4}
		{39072946-43D1-4084-944D-39449D0347E4} = {092A2BB4-73B2-4238-9401-A5CD07CCFCB4}
		{35623BC9-0948-4D65-8E93-29C6C8CB0FA8} = {092A2BB4-73B2-4238-9401-A5CD07CCFCB4}
		{FEBA59B8-D994-479C-AF73-9F268CC29F8C} = {092A2BB4-73B2-4238-9401-A5CD07CCFCB4}
		{528FC938-C5E7-4310-9501-1BAD3F91A24E} = {092A2BB4-73B2-4238-9401-A5CD07CCFCB4}
		{568690A6-13BE-4A50-A3D3-F3EA33C04B9B} = {092A2BB4-73B2-4238-9401-A5CD07CCFCB4}
		{B8A959DA-7445-46A9-B037-680CB58E2248} = {092A2BB4-73B2-4238-9401-A5CD07CCFCB4}
		{47ACE4C6-6E13-440E-B6BF-FB8528245004} = {092A2BB4-73B2-4238-9401-A5CD07CCFCB4}
		{378D0949-EF39-48BD-ADAE-5572D895B964} = {092A2BB4-73B2-4238-9401-A5CD07CCFCB4}
		{03C30D74-221F-4023-A104-943C03E6C023} = {13B50CA7-ED80-453D-950E-81BC506B3A1B}
		{86B31AA1-51FD-4C1B-9DB9-5BC51982618A} = {092A2BB4-73B2-4238-9401-A5CD07CCFCB4}
		{D7D9A788-D7A6-4B03-935D-E124B5D90D23} = {D5B02802-8D2C-4A72-8409-07ABE0526A8A}
		{E9F8BD67-5776-481C-B33D-D4A1862BF4BA} = {D5B02802-8D2C-4A72-8409-07ABE0526A8A}
		{99B57CB4-1A2E-4412-AC5E-C93A18EC1A0A} = {D5B02802-8D2C-4A72-8409-07ABE0526A8A}
		{BB26D88E-E50C-463B-8E24-547C24845046} = {D5B02802-8D2C-4A72-8409-07ABE0526A8A}
		{FC3AF02D-317A-4D3E-9F92-8576BE908D2E} = {D5B02802-8D2C-4A72-8409-07ABE0526A8A}
		{E12DA334-35CB-4D91-A710-9E56328EE441} = {F1E56E67-0EBE-4B77-9710-37B1CF772542}
		{197AFAE1-A9DD-4881-B920-D084886CB62B} = {D5B02802-8D2C-4A72-8409-07ABE0526A8A}
		{F0558E94-297E-4CC1-AD8E-35A9008DB65F} = {D5B02802-8D2C-4A72-8409-07ABE0526A8A}
		{B1643144-B366-4F20-97CC-B2E051C6D882} = {D5B02802-8D2C-4A72-8409-07ABE0526A8A}
		{19E98E97-C218-4331-B2E6-63200592982D} = {D5B02802-8D2C-4A72-8409-07ABE0526A8A}
		{A79DC684-B618-4100-A4F8-A8B150AC9C65} = {D5B02802-8D2C-4A72-8409-07ABE0526A8A}
		{A6EADB97-ECF6-4829-8B43-265BEDF8FEB3} = {BF80021E-5248-44FD-B643-2ACB18BE85E1}
		{250A8FBD-7833-4810-A1EE-BA1342D3F436} = {BF80021E-5248-44FD-B643-2ACB18BE85E1}
		{D0576127-5CFE-44D7-AB6A-7012576EE744} = {BF80021E-5248-44FD-B643-2ACB18BE85E1}
		{EA856A53-A3E5-43FE-8415-0E56E199D461} = {BF80021E-5248-44FD-B643-2ACB18BE85E1}
		{08E74C63-18A4-4755-A27E-49C10BBFE4B6} = {BF80021E-5248-44FD-B643-2ACB18BE85E1}
		{DDB4179C-DF95-4B92-A253-429052FCB25B} = {BF80021E-5248-44FD-B643-2ACB18BE85E1}
		{02CB34C7-6E8C-4284-B55C-0D72056ED12B} = {BF80021E-5248-44FD-B643-2ACB18BE85E1}
		{7A4A0586-148A-4A30-8509-FCD3A13B27D5} = {BF80021E-5248-44FD-B643-2ACB18BE85E1}
		{CCE0D099-C54E-4247-B123-159B044A6E16} = {BF80021E-5248-44FD-B643-2ACB18BE85E1}
		{2D843A51-7F2D-40A4-B492-BA8E251F62E8} = {BF80021E-5248-44FD-B643-2ACB18BE85E1}
		{9A3F21F0-8AAD-44CB-9029-E43E583B15F1} = {BF80021E-5248-44FD-B643-2ACB18BE85E1}
		{62A62D0D-1756-4ED5-86BE-5C5A5FC3BB80} = {BF80021E-5248-44FD-B643-2ACB18BE85E1}
		{D76CDBBD-DB3C-47B1-A5DB-38F0C80D8280} = {BF80021E-5248-44FD-B643-2ACB18BE85E1}
		{B15AC00E-828F-47B7-8870-C0106BA0716E} = {BF80021E-5248-44FD-B643-2ACB18BE85E1}
		{EE0E1FE8-10AF-49FA-A262-43D64C09C74F} = {BF80021E-5248-44FD-B643-2ACB18BE85E1}
		{D1384481-03E0-4D9D-9094-44366BE16085} = {BF80021E-5248-44FD-B643-2ACB18BE85E1}
		{9E29807F-3EF9-4934-BAC2-5E4CB7E58E39} = {BF80021E-5248-44FD-B643-2ACB18BE85E1}
		{154AC370-6E19-4D41-ADC7-5E8670B4D348} = {CDD93469-2545-4255-8977-73E661B46DB7}
		{E923BEF0-6AB6-489C-BEFF-5AEDCCB0C334} = {CDD93469-2545-4255-8977-73E661B46DB7}
		{AD5A6CF8-A456-4D7D-9E4C-E10A01E81C1A} = {CDD93469-2545-4255-8977-73E661B46DB7}
		{0A5CD9D0-5E06-430A-B2E7-3D6D5BAEECC3} = {CDD93469-2545-4255-8977-73E661B46DB7}
		{2CB48D3A-31A8-4732-B541-F6F553C64646} = {6A33C016-D955-47A7-8EEB-23135C2398B3}
		{6BD7F541-1A8E-4379-A509-11C99B286CB0} = {C791883A-265F-45F7-908B-CC7CF0BC1CFB}
		{7E66891A-06FC-4B26-AC08-F8465B63A9BC} = {C791883A-265F-45F7-908B-CC7CF0BC1CFB}
		{4EF04071-C75C-41C0-B810-E6B3CB9DC975} = {6A33C016-D955-47A7-8EEB-23135C2398B3}
		{0B9293E7-7072-481F-B6A2-C0D121FAF50A} = {6A33C016-D955-47A7-8EEB-23135C2398B3}
		{11CD810E-C437-45C1-95E8-439B9EA7D5DA} = {6A33C016-D955-47A7-8EEB-23135C2398B3}
		{FB7F9788-2AC8-463B-A90A-3A0FF49907E3} = {6A33C016-D955-47A7-8EEB-23135C2398B3}
		{3370FDC5-6EB2-4206-84BF-F7B5D5E81626} = {6A33C016-D955-47A7-8EEB-23135C2398B3}
		{86F02751-418C-47E9-AF5E-F5A446CAD55C} = {6A33C016-D955-47A7-8EEB-23135C2398B3}
		{07365B5D-5615-48B6-A7C6-43B49DD9B5E6} = {6A33C016-D955-47A7-8EEB-23135C2398B3}
		{F0BB8762-2257-4FA6-AD99-A770CB465695} = {6A33C016-D955-47A7-8EEB-23135C2398B3}
		{71139621-507F-4A53-9F13-69F7B1904FD8} = {C791883A-265F-45F7-908B-CC7CF0BC1CFB}
		{CB3DC0E4-2739-474F-9FE6-B5C3EFC2A294} = {C791883A-265F-45F7-908B-CC7CF0BC1CFB}
		{27E8161D-F40F-4E52-8DB6-C3430072CFA1} = {C791883A-265F-45F7-908B-CC7CF0BC1CFB}
		{43281F62-FDDC-4DE7-8234-79964DECCFB7} = {C791883A-265F-45F7-908B-CC7CF0BC1CFB}
	EndGlobalSection
	GlobalSection(ExtensibilityGlobals) = postSolution
		SolutionGuid = {50A39133-067A-4087-8A6A-9C0E7F972536}
	EndGlobalSection
EndGlobal
