
Microsoft Visual Studio Solution File, Format Version 12.00
# Visual Studio 15
VisualStudioVersion = 15.0.28307.136
MinimumVisualStudioVersion = 10.0.40219.1
Project("{8BC9CEB8-8B4A-11D0-8D11-00A0C91BC942}") = "AlohaWorld", "Unit02\AlohaWorld\AlohaWorld.vcxproj", "{54ABB186-A189-40CD-B7F6-1079934B9272}"
EndProject
Project("{8BC9CEB8-8B4A-11D0-8D11-00A0C91BC942}") = "Temp", "Misc\Temp\Temp.vcxproj", "{ED16F1AD-8510-4E23-9205-E980A98C46B7}"
EndProject
Project("{2150E333-8FDC-42A3-9474-1A3956D46DE8}") = "Unit02", "Unit02", "{5D768617-5A96-431A-BFF5-2ED4FBE4B1A4}"
EndProject
Project("{2150E333-8FDC-42A3-9474-1A3956D46DE8}") = "Misc", "Misc", "{13B50CA7-ED80-453D-950E-81BC506B3A1B}"
EndProject
Project("{2150E333-8FDC-42A3-9474-1A3956D46DE8}") = "Unit03", "Unit03", "{EA6F1BB3-3891-4E43-A7F7-AF500FE9F1FE}"
EndProject
Project("{8BC9CEB8-8B4A-11D0-8D11-00A0C91BC942}") = "TestReferenceVariable", "Unit03\TestReferenceVariable\TestReferenceVariable.vcxproj", "{61D5EF28-53A3-42B0-BC58-341A51ED724F}"
EndProject
Project("{8BC9CEB8-8B4A-11D0-8D11-00A0C91BC942}") = "PassByValue", "Unit03\PassByValue\PassByValue.vcxproj", "{6183E57E-4C0B-4D48-9FC6-92EC900ECB90}"
EndProject
Project("{8BC9CEB8-8B4A-11D0-8D11-00A0C91BC942}") = "PassByPointer", "Unit03\PassByPointer\PassByPointer.vcxproj", "{2045DCB0-2187-4228-ABC5-CF773A507C92}"
EndProject
Project("{8BC9CEB8-8B4A-11D0-8D11-00A0C91BC942}") = "PassByReference", "Unit03\PassByReference\PassByReference.vcxproj", "{E8CDD868-FF91-4975-972E-874ECA32923F}"
EndProject
Project("{8BC9CEB8-8B4A-11D0-8D11-00A0C91BC942}") = "TestNewDelete", "Unit03\TestNewDelete\TestNewDelete.vcxproj", "{6424E8F7-A541-4E2C-BA9F-445E6B1821C0}"
EndProject
Project("{8BC9CEB8-8B4A-11D0-8D11-00A0C91BC942}") = "TestDataType", "Unit03\TestDataType\TestDataType.vcxproj", "{847B2E0E-6495-46B9-9E86-EE38CF8B1AA3}"
EndProject
Project("{8BC9CEB8-8B4A-11D0-8D11-00A0C91BC942}") = "TestAuto", "Unit03\TestAuto\TestAuto.vcxproj", "{0F91CC7E-70CF-4EF9-A075-4AAB44B4C4F4}"
EndProject
Project("{8BC9CEB8-8B4A-11D0-8D11-00A0C91BC942}") = "TestConstantPointer", "Unit03\TestConstantPointer\TestConstantPointer.vcxproj", "{898952C3-32DE-4B89-99B4-01409854DD5E}"
EndProject
Project("{8BC9CEB8-8B4A-11D0-8D11-00A0C91BC942}") = "TestSpecialFunctions", "Unit03\TestSpecialFunctions\TestSpecialFunctions.vcxproj", "{9C87C72B-0754-4848-9E1D-6048A4FC4490}"
EndProject
Global
	GlobalSection(SolutionConfigurationPlatforms) = preSolution
		Debug|x64 = Debug|x64
		Debug|x86 = Debug|x86
		Release|x64 = Release|x64
		Release|x86 = Release|x86
	EndGlobalSection
	GlobalSection(ProjectConfigurationPlatforms) = postSolution
		{54ABB186-A189-40CD-B7F6-1079934B9272}.Debug|x64.ActiveCfg = Debug|x64
		{54ABB186-A189-40CD-B7F6-1079934B9272}.Debug|x64.Build.0 = Debug|x64
		{54ABB186-A189-40CD-B7F6-1079934B9272}.Debug|x86.ActiveCfg = Debug|Win32
		{54ABB186-A189-40CD-B7F6-1079934B9272}.Debug|x86.Build.0 = Debug|Win32
		{54ABB186-A189-40CD-B7F6-1079934B9272}.Release|x64.ActiveCfg = Release|x64
		{54ABB186-A189-40CD-B7F6-1079934B9272}.Release|x64.Build.0 = Release|x64
		{54ABB186-A189-40CD-B7F6-1079934B9272}.Release|x86.ActiveCfg = Release|Win32
		{54ABB186-A189-40CD-B7F6-1079934B9272}.Release|x86.Build.0 = Release|Win32
		{ED16F1AD-8510-4E23-9205-E980A98C46B7}.Debug|x64.ActiveCfg = Debug|x64
		{ED16F1AD-8510-4E23-9205-E980A98C46B7}.Debug|x64.Build.0 = Debug|x64
		{ED16F1AD-8510-4E23-9205-E980A98C46B7}.Debug|x86.ActiveCfg = Debug|Win32
		{ED16F1AD-8510-4E23-9205-E980A98C46B7}.Debug|x86.Build.0 = Debug|Win32
		{ED16F1AD-8510-4E23-9205-E980A98C46B7}.Release|x64.ActiveCfg = Release|x64
		{ED16F1AD-8510-4E23-9205-E980A98C46B7}.Release|x64.Build.0 = Release|x64
		{ED16F1AD-8510-4E23-9205-E980A98C46B7}.Release|x86.ActiveCfg = Release|Win32
		{ED16F1AD-8510-4E23-9205-E980A98C46B7}.Release|x86.Build.0 = Release|Win32
		{61D5EF28-53A3-42B0-BC58-341A51ED724F}.Debug|x64.ActiveCfg = Debug|x64
		{61D5EF28-53A3-42B0-BC58-341A51ED724F}.Debug|x64.Build.0 = Debug|x64
		{61D5EF28-53A3-42B0-BC58-341A51ED724F}.Debug|x86.ActiveCfg = Debug|Win32
		{61D5EF28-53A3-42B0-BC58-341A51ED724F}.Debug|x86.Build.0 = Debug|Win32
		{61D5EF28-53A3-42B0-BC58-341A51ED724F}.Release|x64.ActiveCfg = Release|x64
		{61D5EF28-53A3-42B0-BC58-341A51ED724F}.Release|x64.Build.0 = Release|x64
		{61D5EF28-53A3-42B0-BC58-341A51ED724F}.Release|x86.ActiveCfg = Release|Win32
		{61D5EF28-53A3-42B0-BC58-341A51ED724F}.Release|x86.Build.0 = Release|Win32
		{6183E57E-4C0B-4D48-9FC6-92EC900ECB90}.Debug|x64.ActiveCfg = Debug|x64
		{6183E57E-4C0B-4D48-9FC6-92EC900ECB90}.Debug|x64.Build.0 = Debug|x64
		{6183E57E-4C0B-4D48-9FC6-92EC900ECB90}.Debug|x86.ActiveCfg = Debug|Win32
		{6183E57E-4C0B-4D48-9FC6-92EC900ECB90}.Debug|x86.Build.0 = Debug|Win32
		{6183E57E-4C0B-4D48-9FC6-92EC900ECB90}.Release|x64.ActiveCfg = Release|x64
		{6183E57E-4C0B-4D48-9FC6-92EC900ECB90}.Release|x64.Build.0 = Release|x64
		{6183E57E-4C0B-4D48-9FC6-92EC900ECB90}.Release|x86.ActiveCfg = Release|Win32
		{6183E57E-4C0B-4D48-9FC6-92EC900ECB90}.Release|x86.Build.0 = Release|Win32
		{2045DCB0-2187-4228-ABC5-CF773A507C92}.Debug|x64.ActiveCfg = Debug|x64
		{2045DCB0-2187-4228-ABC5-CF773A507C92}.Debug|x64.Build.0 = Debug|x64
		{2045DCB0-2187-4228-ABC5-CF773A507C92}.Debug|x86.ActiveCfg = Debug|Win32
		{2045DCB0-2187-4228-ABC5-CF773A507C92}.Debug|x86.Build.0 = Debug|Win32
		{2045DCB0-2187-4228-ABC5-CF773A507C92}.Release|x64.ActiveCfg = Release|x64
		{2045DCB0-2187-4228-ABC5-CF773A507C92}.Release|x64.Build.0 = Release|x64
		{2045DCB0-2187-4228-ABC5-CF773A507C92}.Release|x86.ActiveCfg = Release|Win32
		{2045DCB0-2187-4228-ABC5-CF773A507C92}.Release|x86.Build.0 = Release|Win32
		{E8CDD868-FF91-4975-972E-874ECA32923F}.Debug|x64.ActiveCfg = Debug|x64
		{E8CDD868-FF91-4975-972E-874ECA32923F}.Debug|x64.Build.0 = Debug|x64
		{E8CDD868-FF91-4975-972E-874ECA32923F}.Debug|x86.ActiveCfg = Debug|Win32
		{E8CDD868-FF91-4975-972E-874ECA32923F}.Debug|x86.Build.0 = Debug|Win32
		{E8CDD868-FF91-4975-972E-874ECA32923F}.Release|x64.ActiveCfg = Release|x64
		{E8CDD868-FF91-4975-972E-874ECA32923F}.Release|x64.Build.0 = Release|x64
		{E8CDD868-FF91-4975-972E-874ECA32923F}.Release|x86.ActiveCfg = Release|Win32
		{E8CDD868-FF91-4975-972E-874ECA32923F}.Release|x86.Build.0 = Release|Win32
		{6424E8F7-A541-4E2C-BA9F-445E6B1821C0}.Debug|x64.ActiveCfg = Debug|x64
		{6424E8F7-A541-4E2C-BA9F-445E6B1821C0}.Debug|x64.Build.0 = Debug|x64
		{6424E8F7-A541-4E2C-BA9F-445E6B1821C0}.Debug|x86.ActiveCfg = Debug|Win32
		{6424E8F7-A541-4E2C-BA9F-445E6B1821C0}.Debug|x86.Build.0 = Debug|Win32
		{6424E8F7-A541-4E2C-BA9F-445E6B1821C0}.Release|x64.ActiveCfg = Release|x64
		{6424E8F7-A541-4E2C-BA9F-445E6B1821C0}.Release|x64.Build.0 = Release|x64
		{6424E8F7-A541-4E2C-BA9F-445E6B1821C0}.Release|x86.ActiveCfg = Release|Win32
		{6424E8F7-A541-4E2C-BA9F-445E6B1821C0}.Release|x86.Build.0 = Release|Win32
		{847B2E0E-6495-46B9-9E86-EE38CF8B1AA3}.Debug|x64.ActiveCfg = Debug|x64
		{847B2E0E-6495-46B9-9E86-EE38CF8B1AA3}.Debug|x64.Build.0 = Debug|x64
		{847B2E0E-6495-46B9-9E86-EE38CF8B1AA3}.Debug|x86.ActiveCfg = Debug|Win32
		{847B2E0E-6495-46B9-9E86-EE38CF8B1AA3}.Debug|x86.Build.0 = Debug|Win32
		{847B2E0E-6495-46B9-9E86-EE38CF8B1AA3}.Release|x64.ActiveCfg = Release|x64
		{847B2E0E-6495-46B9-9E86-EE38CF8B1AA3}.Release|x64.Build.0 = Release|x64
		{847B2E0E-6495-46B9-9E86-EE38CF8B1AA3}.Release|x86.ActiveCfg = Release|Win32
		{847B2E0E-6495-46B9-9E86-EE38CF8B1AA3}.Release|x86.Build.0 = Release|Win32
		{0F91CC7E-70CF-4EF9-A075-4AAB44B4C4F4}.Debug|x64.ActiveCfg = Debug|x64
		{0F91CC7E-70CF-4EF9-A075-4AAB44B4C4F4}.Debug|x64.Build.0 = Debug|x64
		{0F91CC7E-70CF-4EF9-A075-4AAB44B4C4F4}.Debug|x86.ActiveCfg = Debug|Win32
		{0F91CC7E-70CF-4EF9-A075-4AAB44B4C4F4}.Debug|x86.Build.0 = Debug|Win32
		{0F91CC7E-70CF-4EF9-A075-4AAB44B4C4F4}.Release|x64.ActiveCfg = Release|x64
		{0F91CC7E-70CF-4EF9-A075-4AAB44B4C4F4}.Release|x64.Build.0 = Release|x64
		{0F91CC7E-70CF-4EF9-A075-4AAB44B4C4F4}.Release|x86.ActiveCfg = Release|Win32
		{0F91CC7E-70CF-4EF9-A075-4AAB44B4C4F4}.Release|x86.Build.0 = Release|Win32
		{898952C3-32DE-4B89-99B4-01409854DD5E}.Debug|x64.ActiveCfg = Debug|x64
		{898952C3-32DE-4B89-99B4-01409854DD5E}.Debug|x64.Build.0 = Debug|x64
		{898952C3-32DE-4B89-99B4-01409854DD5E}.Debug|x86.ActiveCfg = Debug|Win32
		{898952C3-32DE-4B89-99B4-01409854DD5E}.Debug|x86.Build.0 = Debug|Win32
		{898952C3-32DE-4B89-99B4-01409854DD5E}.Release|x64.ActiveCfg = Release|x64
		{898952C3-32DE-4B89-99B4-01409854DD5E}.Release|x64.Build.0 = Release|x64
		{898952C3-32DE-4B89-99B4-01409854DD5E}.Release|x86.ActiveCfg = Release|Win32
		{898952C3-32DE-4B89-99B4-01409854DD5E}.Release|x86.Build.0 = Release|Win32
		{9C87C72B-0754-4848-9E1D-6048A4FC4490}.Debug|x64.ActiveCfg = Debug|x64
		{9C87C72B-0754-4848-9E1D-6048A4FC4490}.Debug|x64.Build.0 = Debug|x64
		{9C87C72B-0754-4848-9E1D-6048A4FC4490}.Debug|x86.ActiveCfg = Debug|Win32
		{9C87C72B-0754-4848-9E1D-6048A4FC4490}.Debug|x86.Build.0 = Debug|Win32
		{9C87C72B-0754-4848-9E1D-6048A4FC4490}.Release|x64.ActiveCfg = Release|x64
		{9C87C72B-0754-4848-9E1D-6048A4FC4490}.Release|x64.Build.0 = Release|x64
		{9C87C72B-0754-4848-9E1D-6048A4FC4490}.Release|x86.ActiveCfg = Release|Win32
		{9C87C72B-0754-4848-9E1D-6048A4FC4490}.Release|x86.Build.0 = Release|Win32
	EndGlobalSection
	GlobalSection(SolutionProperties) = preSolution
		HideSolutionNode = FALSE
	EndGlobalSection
	GlobalSection(NestedProjects) = preSolution
		{54ABB186-A189-40CD-B7F6-1079934B9272} = {5D768617-5A96-431A-BFF5-2ED4FBE4B1A4}
		{ED16F1AD-8510-4E23-9205-E980A98C46B7} = {13B50CA7-ED80-453D-950E-81BC506B3A1B}
		{61D5EF28-53A3-42B0-BC58-341A51ED724F} = {EA6F1BB3-3891-4E43-A7F7-AF500FE9F1FE}
		{6183E57E-4C0B-4D48-9FC6-92EC900ECB90} = {EA6F1BB3-3891-4E43-A7F7-AF500FE9F1FE}
		{2045DCB0-2187-4228-ABC5-CF773A507C92} = {EA6F1BB3-3891-4E43-A7F7-AF500FE9F1FE}
		{E8CDD868-FF91-4975-972E-874ECA32923F} = {EA6F1BB3-3891-4E43-A7F7-AF500FE9F1FE}
		{6424E8F7-A541-4E2C-BA9F-445E6B1821C0} = {EA6F1BB3-3891-4E43-A7F7-AF500FE9F1FE}
		{847B2E0E-6495-46B9-9E86-EE38CF8B1AA3} = {EA6F1BB3-3891-4E43-A7F7-AF500FE9F1FE}
		{0F91CC7E-70CF-4EF9-A075-4AAB44B4C4F4} = {EA6F1BB3-3891-4E43-A7F7-AF500FE9F1FE}
		{898952C3-32DE-4B89-99B4-01409854DD5E} = {EA6F1BB3-3891-4E43-A7F7-AF500FE9F1FE}
		{9C87C72B-0754-4848-9E1D-6048A4FC4490} = {EA6F1BB3-3891-4E43-A7F7-AF500FE9F1FE}
	EndGlobalSection
	GlobalSection(ExtensibilityGlobals) = postSolution
		SolutionGuid = {50A39133-067A-4087-8A6A-9C0E7F972536}
	EndGlobalSection
EndGlobal
